// !$*UTF8*$!
{
	archiveVersion = 1;
	classes = {
	};
	objectVersion = 46;
	objects = {

/* Begin PBXBuildFile section */
		5807903F1E675FDE0038FC61 /* searchBackGround.jpg in Resources */ = {isa = PBXBuildFile; fileRef = 5807903E1E675FDE0038FC61 /* searchBackGround.jpg */; };
		580790411E6777CA0038FC61 /* setUpInBoxData.swift in Sources */ = {isa = PBXBuildFile; fileRef = 580790401E6777CA0038FC61 /* setUpInBoxData.swift */; };
		580790431E67803F0038FC61 /* setUpSentBoxData.swift in Sources */ = {isa = PBXBuildFile; fileRef = 580790421E67803F0038FC61 /* setUpSentBoxData.swift */; };
		58174CE91E71D4CD00023003 /* Landing_screen.png in Resources */ = {isa = PBXBuildFile; fileRef = 58174CE81E71D4CD00023003 /* Landing_screen.png */; };
		58174CED1E71E75A00023003 /* handicap.png in Resources */ = {isa = PBXBuildFile; fileRef = 58174CEC1E71E75A00023003 /* handicap.png */; };
		58174CEF1E71F62800023003 /* InfoDemographicsCell.swift in Sources */ = {isa = PBXBuildFile; fileRef = 58174CEE1E71F62800023003 /* InfoDemographicsCell.swift */; };
		58174CF11E7201A200023003 /* vitalsCell.swift in Sources */ = {isa = PBXBuildFile; fileRef = 58174CF01E7201A200023003 /* vitalsCell.swift */; };
		58174CF31E72072200023003 /* AppointmentDetailsCell.swift in Sources */ = {isa = PBXBuildFile; fileRef = 58174CF21E72072200023003 /* AppointmentDetailsCell.swift */; };
		58174CF51E72084200023003 /* AppointmentHistoryCell.swift in Sources */ = {isa = PBXBuildFile; fileRef = 58174CF41E72084200023003 /* AppointmentHistoryCell.swift */; };
		58174CF71E72139200023003 /* filesCell.swift in Sources */ = {isa = PBXBuildFile; fileRef = 58174CF61E72139200023003 /* filesCell.swift */; };
		58174CFA1E72209C00023003 /* EMRViewC.swift in Sources */ = {isa = PBXBuildFile; fileRef = 58174CF91E72209C00023003 /* EMRViewC.swift */; };
		58174CFC1E72253900023003 /* AlertsEventsViewController.swift in Sources */ = {isa = PBXBuildFile; fileRef = 58174CFB1E72253900023003 /* AlertsEventsViewController.swift */; };
		58254B4D1E084FEA00933B60 /* care.png in Resources */ = {isa = PBXBuildFile; fileRef = 58254B4C1E084FEA00933B60 /* care.png */; };
		58254B521E0850EA00933B60 /* hamburger.png in Resources */ = {isa = PBXBuildFile; fileRef = 58254B4F1E0850EA00933B60 /* hamburger.png */; };
		58254B561E0855D000933B60 /* envelope.png in Resources */ = {isa = PBXBuildFile; fileRef = 58254B541E0855D000933B60 /* envelope.png */; };
		58254B571E0855D000933B60 /* key.png in Resources */ = {isa = PBXBuildFile; fileRef = 58254B551E0855D000933B60 /* key.png */; };
		58254B5A1E0855FF00933B60 /* gray.circle.png in Resources */ = {isa = PBXBuildFile; fileRef = 58254B581E0855FF00933B60 /* gray.circle.png */; };
		58254B5B1E0855FF00933B60 /* orange.circle.png in Resources */ = {isa = PBXBuildFile; fileRef = 58254B591E0855FF00933B60 /* orange.circle.png */; };
		58272AED1E3FE93C00E779CF /* user.png in Resources */ = {isa = PBXBuildFile; fileRef = 58272AEC1E3FE93C00E779CF /* user.png */; };
		58272AEF1E3FEFD800E779CF /* UpdateProfileViewController.swift in Sources */ = {isa = PBXBuildFile; fileRef = 58272AEE1E3FEFD800E779CF /* UpdateProfileViewController.swift */; };
		58272AF21E3FFD1E00E779CF /* PTVTableViewController.swift in Sources */ = {isa = PBXBuildFile; fileRef = 58272AF11E3FFD1E00E779CF /* PTVTableViewController.swift */; };
		58272AF41E40051900E779CF /* PatientCell.swift in Sources */ = {isa = PBXBuildFile; fileRef = 58272AF31E40051900E779CF /* PatientCell.swift */; };
		58272AF61E400C2F00E779CF /* addBadge.swift in Sources */ = {isa = PBXBuildFile; fileRef = 58272AF51E400C2F00E779CF /* addBadge.swift */; };
		58272AF81E4105DE00E779CF /* PatientTabBarController.swift in Sources */ = {isa = PBXBuildFile; fileRef = 58272AF71E4105DE00E779CF /* PatientTabBarController.swift */; };
		58272AFA1E411F8A00E779CF /* green.circle.png in Resources */ = {isa = PBXBuildFile; fileRef = 58272AF91E411F8A00E779CF /* green.circle.png */; };
		58272AFC1E4120B900E779CF /* PTVDetailViewController.swift in Sources */ = {isa = PBXBuildFile; fileRef = 58272AFB1E4120B900E779CF /* PTVDetailViewController.swift */; };
		58272AFE1E412DFE00E779CF /* PatientInformationCell.swift in Sources */ = {isa = PBXBuildFile; fileRef = 58272AFD1E412DFE00E779CF /* PatientInformationCell.swift */; };
		58272B021E42495800E779CF /* calendarGreen.png in Resources */ = {isa = PBXBuildFile; fileRef = 58272B011E42495800E779CF /* calendarGreen.png */; };
		58272B041E424FC400E779CF /* KeyboardLayoutConstraint.swift in Sources */ = {isa = PBXBuildFile; fileRef = 58272B031E424FC400E779CF /* KeyboardLayoutConstraint.swift */; };
		5828065F1E098FBC00421815 /* DatePickerDialog.swift in Sources */ = {isa = PBXBuildFile; fileRef = 5828065E1E098FBC00421815 /* DatePickerDialog.swift */; };
		582806611E0991F400421815 /* calendar.png in Resources */ = {isa = PBXBuildFile; fileRef = 582806601E0991F400421815 /* calendar.png */; };
		582806631E09AB0C00421815 /* side_menu_bg.jpg in Resources */ = {isa = PBXBuildFile; fileRef = 582806621E09AB0C00421815 /* side_menu_bg.jpg */; };
		582806651E09AC4100421815 /* care.white.png in Resources */ = {isa = PBXBuildFile; fileRef = 582806641E09AC4100421815 /* care.white.png */; };
		582806671E09B5AF00421815 /* jennifer.jpg in Resources */ = {isa = PBXBuildFile; fileRef = 582806661E09B5AF00421815 /* jennifer.jpg */; };
		58327A6D1E64DE40006F4FB4 /* setUserImage.swift in Sources */ = {isa = PBXBuildFile; fileRef = 58327A6C1E64DE40006F4FB4 /* setUserImage.swift */; };
		58327A6F1E64F49F006F4FB4 /* AddUsersCell.swift in Sources */ = {isa = PBXBuildFile; fileRef = 58327A6E1E64F49F006F4FB4 /* AddUsersCell.swift */; };
		583646911E0890FC003C2E60 /* menu.png in Resources */ = {isa = PBXBuildFile; fileRef = 583646901E0890FC003C2E60 /* menu.png */; };
		583646931E08A1CE003C2E60 /* menu_large.png in Resources */ = {isa = PBXBuildFile; fileRef = 583646921E08A1CE003C2E60 /* menu_large.png */; };
		583646951E08A7BC003C2E60 /* bell.png in Resources */ = {isa = PBXBuildFile; fileRef = 583646941E08A7BC003C2E60 /* bell.png */; };
		583646971E08AE2F003C2E60 /* TasksViewController.swift in Sources */ = {isa = PBXBuildFile; fileRef = 583646961E08AE2F003C2E60 /* TasksViewController.swift */; };
		58458ABA1E43C49D005DFEDA /* PasswordChangeViewController.swift in Sources */ = {isa = PBXBuildFile; fileRef = 58458AB91E43C49D005DFEDA /* PasswordChangeViewController.swift */; };
		58458ABC1E43DD1C005DFEDA /* attention.png in Resources */ = {isa = PBXBuildFile; fileRef = 58458ABB1E43DD1C005DFEDA /* attention.png */; };
		58458ABE1E43EB2E005DFEDA /* defualtsComments.swift in Sources */ = {isa = PBXBuildFile; fileRef = 58458ABD1E43EB2E005DFEDA /* defualtsComments.swift */; };
		58458AC01E43F77F005DFEDA /* checked.png in Resources */ = {isa = PBXBuildFile; fileRef = 58458ABF1E43F77F005DFEDA /* checked.png */; };
		58458AC21E44EF41005DFEDA /* AvailabilityViewController.swift in Sources */ = {isa = PBXBuildFile; fileRef = 58458AC11E44EF41005DFEDA /* AvailabilityViewController.swift */; };
		58458AC41E450F4D005DFEDA /* AvailabilityCell.swift in Sources */ = {isa = PBXBuildFile; fileRef = 58458AC31E450F4D005DFEDA /* AvailabilityCell.swift */; };
		58458AC61E452474005DFEDA /* AddContainerViewController.swift in Sources */ = {isa = PBXBuildFile; fileRef = 58458AC51E452474005DFEDA /* AddContainerViewController.swift */; };
		58458AC81E45365B005DFEDA /* RangeSlider.swift in Sources */ = {isa = PBXBuildFile; fileRef = 58458AC71E45365B005DFEDA /* RangeSlider.swift */; };
		58458ACA1E45403F005DFEDA /* RangeSliderThumbLayer.swift in Sources */ = {isa = PBXBuildFile; fileRef = 58458AC91E45403F005DFEDA /* RangeSliderThumbLayer.swift */; };
		58496C0E1E526D2D00DF103A /* x_sign340x40_360.png in Resources */ = {isa = PBXBuildFile; fileRef = 58496C0D1E526D2D00DF103A /* x_sign340x40_360.png */; };
		58496C101E526E1700DF103A /* SignatureViewController.swift in Sources */ = {isa = PBXBuildFile; fileRef = 58496C0F1E526E1700DF103A /* SignatureViewController.swift */; };
		58496C141E52735000DF103A /* x_sign80x680.png in Resources */ = {isa = PBXBuildFile; fileRef = 58496C131E52735000DF103A /* x_sign80x680.png */; };
		58496C161E52756E00DF103A /* YPDrawSignatureView.swift in Sources */ = {isa = PBXBuildFile; fileRef = 58496C151E52756E00DF103A /* YPDrawSignatureView.swift */; };
		58496C191E527FD900DF103A /* box.png in Resources */ = {isa = PBXBuildFile; fileRef = 58496C171E527FD900DF103A /* box.png */; };
		58496C1A1E527FD900DF103A /* checkBox.png in Resources */ = {isa = PBXBuildFile; fileRef = 58496C181E527FD900DF103A /* checkBox.png */; };
		58496C1C1E52843D00DF103A /* TermsViewController.swift in Sources */ = {isa = PBXBuildFile; fileRef = 58496C1B1E52843D00DF103A /* TermsViewController.swift */; };
		585A4D2D1E5CF9A300A16118 /* moveAppointmentFromAcceptedToCompleted.swift in Sources */ = {isa = PBXBuildFile; fileRef = 585A4D2C1E5CF9A300A16118 /* moveAppointmentFromAcceptedToCompleted.swift */; };
		585A4D2F1E5D175C00A16118 /* InboxViewController.swift in Sources */ = {isa = PBXBuildFile; fileRef = 585A4D2E1E5D175C00A16118 /* InboxViewController.swift */; };
		585A4D311E5E008100A16118 /* InboxCell.swift in Sources */ = {isa = PBXBuildFile; fileRef = 585A4D301E5E008100A16118 /* InboxCell.swift */; };
		585A4D371E5E31EF00A16118 /* letter C.png in Resources */ = {isa = PBXBuildFile; fileRef = 585A4D361E5E31EF00A16118 /* letter C.png */; };
		585A4D391E5E338000A16118 /* letterC.png in Resources */ = {isa = PBXBuildFile; fileRef = 585A4D381E5E338000A16118 /* letterC.png */; };
		585DA8B71E53AC6900006183 /* Appointments.swift in Sources */ = {isa = PBXBuildFile; fileRef = 585DA8B61E53AC6900006183 /* Appointments.swift */; };
		586BFDD21E3BB27000DC6770 /* LaunchImage.png in Resources */ = {isa = PBXBuildFile; fileRef = 586BFDD11E3BB27000DC6770 /* LaunchImage.png */; };
		586BFDD51E3BC57B00DC6770 /* addCustomBorder.swift in Sources */ = {isa = PBXBuildFile; fileRef = 586BFDD41E3BC57B00DC6770 /* addCustomBorder.swift */; };
		586BFDD81E3BCB2200DC6770 /* HamburgerViewController.swift in Sources */ = {isa = PBXBuildFile; fileRef = 586BFDD71E3BCB2200DC6770 /* HamburgerViewController.swift */; };
		586BFDDA1E3BE28C00DC6770 /* gears.png in Resources */ = {isa = PBXBuildFile; fileRef = 586BFDD91E3BE28C00DC6770 /* gears.png */; };
		586BFDDD1E3BE40C00DC6770 /* calendar2.png in Resources */ = {isa = PBXBuildFile; fileRef = 586BFDDC1E3BE40C00DC6770 /* calendar2.png */; };
		586BFDE01E3BFBCD00DC6770 /* phoneCircle.png in Resources */ = {isa = PBXBuildFile; fileRef = 586BFDDF1E3BFBCD00DC6770 /* phoneCircle.png */; };
		586BFDE31E3C09AB00DC6770 /* AlertViewController.swift in Sources */ = {isa = PBXBuildFile; fileRef = 586BFDE21E3C09AB00DC6770 /* AlertViewController.swift */; };
		586BFDE51E3C0C4800DC6770 /* AlertCell.swift in Sources */ = {isa = PBXBuildFile; fileRef = 586BFDE41E3C0C4800DC6770 /* AlertCell.swift */; };
		586BFDE71E3C17D700DC6770 /* hexColor.swift in Sources */ = {isa = PBXBuildFile; fileRef = 586BFDE61E3C17D700DC6770 /* hexColor.swift */; };
		587FFECF1E64A8C800078EFC /* UIImageFixOrientation.swift in Sources */ = {isa = PBXBuildFile; fileRef = 587FFECE1E64A8C800078EFC /* UIImageFixOrientation.swift */; };
		588BE2621E6F7D8B00BA78C3 /* RuthQuinones.jpg in Resources */ = {isa = PBXBuildFile; fileRef = 588BE2611E6F7D8B00BA78C3 /* RuthQuinones.jpg */; };
		588BE2641E706A3200BA78C3 /* InfoContainer1VC.swift in Sources */ = {isa = PBXBuildFile; fileRef = 588BE2631E706A3200BA78C3 /* InfoContainer1VC.swift */; };
		588BE2661E706D2900BA78C3 /* VitalsContainer2VC.swift in Sources */ = {isa = PBXBuildFile; fileRef = 588BE2651E706D2900BA78C3 /* VitalsContainer2VC.swift */; };
		588BE2681E706D4800BA78C3 /* ApptContainer3VC.swift in Sources */ = {isa = PBXBuildFile; fileRef = 588BE2671E706D4800BA78C3 /* ApptContainer3VC.swift */; };
		588BE26A1E706D6A00BA78C3 /* FilesContainer3VC.swift in Sources */ = {isa = PBXBuildFile; fileRef = 588BE2691E706D6A00BA78C3 /* FilesContainer3VC.swift */; };
		58A8DC851E562CBE008711D1 /* AddNoteCompletePatientViewController.swift in Sources */ = {isa = PBXBuildFile; fileRef = 58A8DC841E562CBE008711D1 /* AddNoteCompletePatientViewController.swift */; };
		58A8DC881E56671D008711D1 /* SheduleNewAppointmentViewController.swift in Sources */ = {isa = PBXBuildFile; fileRef = 58A8DC871E56671D008711D1 /* SheduleNewAppointmentViewController.swift */; };
		58A8DC8B1E576BA4008711D1 /* Bordered.swift in Sources */ = {isa = PBXBuildFile; fileRef = 58A8DC8A1E576BA4008711D1 /* Bordered.swift */; };
		58A8DC8D1E576BC3008711D1 /* Rounded.swift in Sources */ = {isa = PBXBuildFile; fileRef = 58A8DC8C1E576BC3008711D1 /* Rounded.swift */; };
		58A8DCCB1E578E44008711D1 /* movePatientToSection.swift in Sources */ = {isa = PBXBuildFile; fileRef = 58A8DCCA1E578E44008711D1 /* movePatientToSection.swift */; };
		58A8DCCF1E57A717008711D1 /* blueback.png in Resources */ = {isa = PBXBuildFile; fileRef = 58A8DCCD1E57A716008711D1 /* blueback.png */; };
		58A8DCD01E57A717008711D1 /* greenback.png in Resources */ = {isa = PBXBuildFile; fileRef = 58A8DCCE1E57A716008711D1 /* greenback.png */; };
		58A8DCD21E57ABC6008711D1 /* setUpPatientData.swift in Sources */ = {isa = PBXBuildFile; fileRef = 58A8DCD11E57ABC6008711D1 /* setUpPatientData.swift */; };
		58A8DCD41E57B2BB008711D1 /* setCurrentDate.swift in Sources */ = {isa = PBXBuildFile; fileRef = 58A8DCD31E57B2BB008711D1 /* setCurrentDate.swift */; };
		58B18A521E69DF21009769A2 /* AMessageViewController.swift in Sources */ = {isa = PBXBuildFile; fileRef = 58B18A511E69DF21009769A2 /* AMessageViewController.swift */; };
		58B18A541E69E4CF009769A2 /* backArrow.png in Resources */ = {isa = PBXBuildFile; fileRef = 58B18A531E69E4CF009769A2 /* backArrow.png */; };
		58B18A571E69FEF0009769A2 /* delete.png in Resources */ = {isa = PBXBuildFile; fileRef = 58B18A551E69FEF0009769A2 /* delete.png */; };
		58B18A581E69FEF0009769A2 /* reply.png in Resources */ = {isa = PBXBuildFile; fileRef = 58B18A561E69FEF0009769A2 /* reply.png */; };
		58BEC4361E6112FD00363FAD /* newMessageViewController.swift in Sources */ = {isa = PBXBuildFile; fileRef = 58BEC4351E6112FD00363FAD /* newMessageViewController.swift */; };
		58CBC0071E4D4233001A9698 /* PatientUpdateViewController.swift in Sources */ = {isa = PBXBuildFile; fileRef = 58CBC0061E4D4233001A9698 /* PatientUpdateViewController.swift */; };
		58CBC0091E4D42D1001A9698 /* toast.swift in Sources */ = {isa = PBXBuildFile; fileRef = 58CBC0081E4D42D1001A9698 /* toast.swift */; };
		58CBC00B1E4D4432001A9698 /* CaseViewController.swift in Sources */ = {isa = PBXBuildFile; fileRef = 58CBC00A1E4D4432001A9698 /* CaseViewController.swift */; };
		58CBC00D1E4D463D001A9698 /* PatientRXViewController.swift in Sources */ = {isa = PBXBuildFile; fileRef = 58CBC00C1E4D463D001A9698 /* PatientRXViewController.swift */; };
		58CBC0101E4D4A39001A9698 /* Container1ViewController.swift in Sources */ = {isa = PBXBuildFile; fileRef = 58CBC00F1E4D4A39001A9698 /* Container1ViewController.swift */; };
		58CBC0121E4E2066001A9698 /* RxContainer1Cell.swift in Sources */ = {isa = PBXBuildFile; fileRef = 58CBC0111E4E2066001A9698 /* RxContainer1Cell.swift */; };
		58CBC0141E4E20B0001A9698 /* RxContainer2Cell.swift in Sources */ = {isa = PBXBuildFile; fileRef = 58CBC0131E4E20B0001A9698 /* RxContainer2Cell.swift */; };
		58CBC0161E4E20CD001A9698 /* RxContainer3Cell.swift in Sources */ = {isa = PBXBuildFile; fileRef = 58CBC0151E4E20CD001A9698 /* RxContainer3Cell.swift */; };
		58CBC0181E4E4007001A9698 /* Container3ViewController.swift in Sources */ = {isa = PBXBuildFile; fileRef = 58CBC0171E4E4007001A9698 /* Container3ViewController.swift */; };
		58CBC01B1E4E43DA001A9698 /* PatientScreeningsViewController.swift in Sources */ = {isa = PBXBuildFile; fileRef = 58CBC01A1E4E43DA001A9698 /* PatientScreeningsViewController.swift */; };
		58CBC01D1E4E49A9001A9698 /* ScreeningsCell.swift in Sources */ = {isa = PBXBuildFile; fileRef = 58CBC01C1E4E49A9001A9698 /* ScreeningsCell.swift */; };
		58CBC0211E4E75D8001A9698 /* AScreeningViewController.swift in Sources */ = {isa = PBXBuildFile; fileRef = 58CBC0201E4E75D8001A9698 /* AScreeningViewController.swift */; };
		58CEEB491E65EF8200104057 /* tammie.png in Resources */ = {isa = PBXBuildFile; fileRef = 58CEEB481E65EF8200104057 /* tammie.png */; };
		58CEEB4B1E65EFB400104057 /* brad.png in Resources */ = {isa = PBXBuildFile; fileRef = 58CEEB4A1E65EFB400104057 /* brad.png */; };
		58CEEB4D1E65F07200104057 /* Alice.png in Resources */ = {isa = PBXBuildFile; fileRef = 58CEEB4C1E65F07200104057 /* Alice.png */; };
		58CEEB501E65FC4600104057 /* CloseKeyboardButton.png in Resources */ = {isa = PBXBuildFile; fileRef = 58CEEB4F1E65FC4600104057 /* CloseKeyboardButton.png */; };
		58CEEB521E663D4200104057 /* paper-clip.png in Resources */ = {isa = PBXBuildFile; fileRef = 58CEEB511E663D4200104057 /* paper-clip.png */; };
		58D633591E4A73F600DC3EB9 /* exitandgoback.png in Resources */ = {isa = PBXBuildFile; fileRef = 58D633581E4A73F600DC3EB9 /* exitandgoback.png */; };
		58D6335B1E4A78C400DC3EB9 /* RangeSliderTrackLayer.swift in Sources */ = {isa = PBXBuildFile; fileRef = 58D6335A1E4A78C400DC3EB9 /* RangeSliderTrackLayer.swift */; };
		58D6335E1E4B858000DC3EB9 /* Availability.swift in Sources */ = {isa = PBXBuildFile; fileRef = 58D6335D1E4B858000DC3EB9 /* Availability.swift */; };
		58D633601E4D1FF900DC3EB9 /* PatientCareTeamViewController.swift in Sources */ = {isa = PBXBuildFile; fileRef = 58D6335F1E4D1FF900DC3EB9 /* PatientCareTeamViewController.swift */; };
		58D633621E4D25AE00DC3EB9 /* PatientCareTeamCell.swift in Sources */ = {isa = PBXBuildFile; fileRef = 58D633611E4D25AE00DC3EB9 /* PatientCareTeamCell.swift */; };
		58D633661E4D26AB00DC3EB9 /* closed-envelope-circle.png in Resources */ = {isa = PBXBuildFile; fileRef = 58D633631E4D26AB00DC3EB9 /* closed-envelope-circle.png */; };
		58D633671E4D26AB00DC3EB9 /* smartphone.png in Resources */ = {isa = PBXBuildFile; fileRef = 58D633641E4D26AB00DC3EB9 /* smartphone.png */; };
		58D633681E4D26AB00DC3EB9 /* Untitled.png in Resources */ = {isa = PBXBuildFile; fileRef = 58D633651E4D26AB00DC3EB9 /* Untitled.png */; };
		58D6336A1E4D310100DC3EB9 /* quillPen.png in Resources */ = {isa = PBXBuildFile; fileRef = 58D633691E4D310100DC3EB9 /* quillPen.png */; };
		58D6336C1E4D316A00DC3EB9 /* PatientFeedViewController.swift in Sources */ = {isa = PBXBuildFile; fileRef = 58D6336B1E4D316A00DC3EB9 /* PatientFeedViewController.swift */; };
		58D6336E1E4D347D00DC3EB9 /* attention.png in Resources */ = {isa = PBXBuildFile; fileRef = 58D6336D1E4D347D00DC3EB9 /* attention.png */; };
		58D633731E4D34CB00DC3EB9 /* bullets.png in Resources */ = {isa = PBXBuildFile; fileRef = 58D6336F1E4D34CB00DC3EB9 /* bullets.png */; };
		58D633741E4D34CB00DC3EB9 /* doctor.png in Resources */ = {isa = PBXBuildFile; fileRef = 58D633701E4D34CB00DC3EB9 /* doctor.png */; };
		58D633751E4D34CB00DC3EB9 /* pills.png in Resources */ = {isa = PBXBuildFile; fileRef = 58D633711E4D34CB00DC3EB9 /* pills.png */; };
		58D633761E4D34CB00DC3EB9 /* telephone.png in Resources */ = {isa = PBXBuildFile; fileRef = 58D633721E4D34CB00DC3EB9 /* telephone.png */; };
		58D633781E4D360400DC3EB9 /* PatientFeedViewCell.swift in Sources */ = {isa = PBXBuildFile; fileRef = 58D633771E4D360400DC3EB9 /* PatientFeedViewCell.swift */; };
		58EB0DC81E732DC40009FD57 /* caseCell.swift in Sources */ = {isa = PBXBuildFile; fileRef = 58EB0DC71E732DC40009FD57 /* caseCell.swift */; };
		58EB0DCC1E734D200009FD57 /* ServicesC1ViewC.swift in Sources */ = {isa = PBXBuildFile; fileRef = 58EB0DCB1E734D200009FD57 /* ServicesC1ViewC.swift */; };
		58EB0DCE1E73614A0009FD57 /* locationsViewC.swift in Sources */ = {isa = PBXBuildFile; fileRef = 58EB0DCD1E73614A0009FD57 /* locationsViewC.swift */; };
		58FDD4701E5F4CFC00F97D86 /* setupAlertData.swift in Sources */ = {isa = PBXBuildFile; fileRef = 58FDD46F1E5F4CFC00F97D86 /* setupAlertData.swift */; };
		58FDD4721E5F6B7600F97D86 /* getColumnInArray.swift in Sources */ = {isa = PBXBuildFile; fileRef = 58FDD4711E5F6B7600F97D86 /* getColumnInArray.swift */; };
		58FDD4741E5F971600F97D86 /* setUpFeedData.swift in Sources */ = {isa = PBXBuildFile; fileRef = 58FDD4731E5F971600F97D86 /* setUpFeedData.swift */; };
		58FDD4761E5FB24E00F97D86 /* SingleEMRViewController.swift in Sources */ = {isa = PBXBuildFile; fileRef = 58FDD4751E5FB24E00F97D86 /* SingleEMRViewController.swift */; };
		58FDD4781E5FB40400F97D86 /* EMRCell.swift in Sources */ = {isa = PBXBuildFile; fileRef = 58FDD4771E5FB40400F97D86 /* EMRCell.swift */; };
		58FDD47A1E60A6CD00F97D86 /* dangerOrange.png in Resources */ = {isa = PBXBuildFile; fileRef = 58FDD4791E60A6CD00F97D86 /* dangerOrange.png */; };
		58FDD47C1E60B42300F97D86 /* dragableImageView.swift in Sources */ = {isa = PBXBuildFile; fileRef = 58FDD47B1E60B42300F97D86 /* dragableImageView.swift */; };
		BB32754B1E048AD100699280 /* AppointmentCell.swift in Sources */ = {isa = PBXBuildFile; fileRef = BB32754A1E048AD100699280 /* AppointmentCell.swift */; };
		BB51F7C51E009E53008A5EA8 /* gradient.swift in Sources */ = {isa = PBXBuildFile; fileRef = BB51F7C41E009E53008A5EA8 /* gradient.swift */; };
		BB57C2D21DFF41DE00731AC4 /* AppDelegate.swift in Sources */ = {isa = PBXBuildFile; fileRef = BB57C2D11DFF41DE00731AC4 /* AppDelegate.swift */; };
		BB57C2D41DFF41DE00731AC4 /* ViewController.swift in Sources */ = {isa = PBXBuildFile; fileRef = BB57C2D31DFF41DE00731AC4 /* ViewController.swift */; };
		BB57C2D71DFF41DE00731AC4 /* Main.storyboard in Resources */ = {isa = PBXBuildFile; fileRef = BB57C2D51DFF41DE00731AC4 /* Main.storyboard */; };
		BB57C2D91DFF41DE00731AC4 /* Assets.xcassets in Resources */ = {isa = PBXBuildFile; fileRef = BB57C2D81DFF41DE00731AC4 /* Assets.xcassets */; };
		BB57C2DC1DFF41DE00731AC4 /* LaunchScreen.storyboard in Resources */ = {isa = PBXBuildFile; fileRef = BB57C2DA1DFF41DE00731AC4 /* LaunchScreen.storyboard */; };
		BB57C2E71DFF41DE00731AC4 /* CarePointeTests.swift in Sources */ = {isa = PBXBuildFile; fileRef = BB57C2E61DFF41DE00731AC4 /* CarePointeTests.swift */; };
		BB57C2F21DFF41DE00731AC4 /* CarePointeUITests.swift in Sources */ = {isa = PBXBuildFile; fileRef = BB57C2F11DFF41DE00731AC4 /* CarePointeUITests.swift */; };
		BB93EA981E033314000C15D3 /* SignInViewController.swift in Sources */ = {isa = PBXBuildFile; fileRef = BB93EA971E033314000C15D3 /* SignInViewController.swift */; };
		BB93EA9E1E0349F8000C15D3 /* RegisterViewController.swift in Sources */ = {isa = PBXBuildFile; fileRef = BB93EA9D1E0349F8000C15D3 /* RegisterViewController.swift */; };
		BBA3D8F31DFF733000E39385 /* device.swift in Sources */ = {isa = PBXBuildFile; fileRef = BBA3D8F21DFF733000E39385 /* device.swift */; };
/* End PBXBuildFile section */

/* Begin PBXContainerItemProxy section */
		BB57C2E31DFF41DE00731AC4 /* PBXContainerItemProxy */ = {
			isa = PBXContainerItemProxy;
			containerPortal = BB57C2C61DFF41DB00731AC4 /* Project object */;
			proxyType = 1;
			remoteGlobalIDString = BB57C2CD1DFF41DC00731AC4;
			remoteInfo = CarePointe;
		};
		BB57C2EE1DFF41DE00731AC4 /* PBXContainerItemProxy */ = {
			isa = PBXContainerItemProxy;
			containerPortal = BB57C2C61DFF41DB00731AC4 /* Project object */;
			proxyType = 1;
			remoteGlobalIDString = BB57C2CD1DFF41DC00731AC4;
			remoteInfo = CarePointe;
		};
/* End PBXContainerItemProxy section */

/* Begin PBXFileReference section */
		5807903E1E675FDE0038FC61 /* searchBackGround.jpg */ = {isa = PBXFileReference; lastKnownFileType = image.jpeg; name = searchBackGround.jpg; path = ../../imageFiles/searchBackGround.jpg; sourceTree = "<group>"; };
		580790401E6777CA0038FC61 /* setUpInBoxData.swift */ = {isa = PBXFileReference; fileEncoding = 4; lastKnownFileType = sourcecode.swift; path = setUpInBoxData.swift; sourceTree = "<group>"; };
		580790421E67803F0038FC61 /* setUpSentBoxData.swift */ = {isa = PBXFileReference; fileEncoding = 4; lastKnownFileType = sourcecode.swift; path = setUpSentBoxData.swift; sourceTree = "<group>"; };
		58174CE81E71D4CD00023003 /* Landing_screen.png */ = {isa = PBXFileReference; lastKnownFileType = image.png; name = Landing_screen.png; path = ../../imageFiles/Landing_screen.png; sourceTree = "<group>"; };
		58174CEC1E71E75A00023003 /* handicap.png */ = {isa = PBXFileReference; lastKnownFileType = image.png; name = handicap.png; path = ../../imageFiles/handicap.png; sourceTree = "<group>"; };
		58174CEE1E71F62800023003 /* InfoDemographicsCell.swift */ = {isa = PBXFileReference; fileEncoding = 4; lastKnownFileType = sourcecode.swift; path = InfoDemographicsCell.swift; sourceTree = "<group>"; };
		58174CF01E7201A200023003 /* vitalsCell.swift */ = {isa = PBXFileReference; fileEncoding = 4; lastKnownFileType = sourcecode.swift; path = vitalsCell.swift; sourceTree = "<group>"; };
		58174CF21E72072200023003 /* AppointmentDetailsCell.swift */ = {isa = PBXFileReference; fileEncoding = 4; lastKnownFileType = sourcecode.swift; path = AppointmentDetailsCell.swift; sourceTree = "<group>"; };
		58174CF41E72084200023003 /* AppointmentHistoryCell.swift */ = {isa = PBXFileReference; fileEncoding = 4; lastKnownFileType = sourcecode.swift; path = AppointmentHistoryCell.swift; sourceTree = "<group>"; };
		58174CF61E72139200023003 /* filesCell.swift */ = {isa = PBXFileReference; fileEncoding = 4; lastKnownFileType = sourcecode.swift; path = filesCell.swift; sourceTree = "<group>"; };
		58174CF91E72209C00023003 /* EMRViewC.swift */ = {isa = PBXFileReference; fileEncoding = 4; lastKnownFileType = sourcecode.swift; path = EMRViewC.swift; sourceTree = "<group>"; };
		58174CFB1E72253900023003 /* AlertsEventsViewController.swift */ = {isa = PBXFileReference; fileEncoding = 4; lastKnownFileType = sourcecode.swift; path = AlertsEventsViewController.swift; sourceTree = "<group>"; };
		58254B4C1E084FEA00933B60 /* care.png */ = {isa = PBXFileReference; lastKnownFileType = image.png; name = care.png; path = ../../imageFiles/care.png; sourceTree = "<group>"; };
		58254B4F1E0850EA00933B60 /* hamburger.png */ = {isa = PBXFileReference; lastKnownFileType = image.png; name = hamburger.png; path = ../../imageFiles/hamburger.png; sourceTree = "<group>"; };
		58254B541E0855D000933B60 /* envelope.png */ = {isa = PBXFileReference; lastKnownFileType = image.png; name = envelope.png; path = ../../imageFiles/envelope.png; sourceTree = "<group>"; };
		58254B551E0855D000933B60 /* key.png */ = {isa = PBXFileReference; lastKnownFileType = image.png; name = key.png; path = ../../imageFiles/key.png; sourceTree = "<group>"; };
		58254B581E0855FF00933B60 /* gray.circle.png */ = {isa = PBXFileReference; lastKnownFileType = image.png; name = gray.circle.png; path = ../../imageFiles/gray.circle.png; sourceTree = "<group>"; };
		58254B591E0855FF00933B60 /* orange.circle.png */ = {isa = PBXFileReference; lastKnownFileType = image.png; name = orange.circle.png; path = ../../imageFiles/orange.circle.png; sourceTree = "<group>"; };
		58272AEC1E3FE93C00E779CF /* user.png */ = {isa = PBXFileReference; lastKnownFileType = image.png; name = user.png; path = ../../imageFiles/user.png; sourceTree = "<group>"; };
		58272AEE1E3FEFD800E779CF /* UpdateProfileViewController.swift */ = {isa = PBXFileReference; fileEncoding = 4; lastKnownFileType = sourcecode.swift; path = UpdateProfileViewController.swift; sourceTree = "<group>"; };
		58272AF11E3FFD1E00E779CF /* PTVTableViewController.swift */ = {isa = PBXFileReference; fileEncoding = 4; lastKnownFileType = sourcecode.swift; path = PTVTableViewController.swift; sourceTree = "<group>"; };
		58272AF31E40051900E779CF /* PatientCell.swift */ = {isa = PBXFileReference; fileEncoding = 4; lastKnownFileType = sourcecode.swift; path = PatientCell.swift; sourceTree = "<group>"; };
		58272AF51E400C2F00E779CF /* addBadge.swift */ = {isa = PBXFileReference; fileEncoding = 4; lastKnownFileType = sourcecode.swift; path = addBadge.swift; sourceTree = "<group>"; };
		58272AF71E4105DE00E779CF /* PatientTabBarController.swift */ = {isa = PBXFileReference; fileEncoding = 4; lastKnownFileType = sourcecode.swift; path = PatientTabBarController.swift; sourceTree = "<group>"; };
		58272AF91E411F8A00E779CF /* green.circle.png */ = {isa = PBXFileReference; lastKnownFileType = image.png; name = green.circle.png; path = ../../imageFiles/green.circle.png; sourceTree = "<group>"; };
		58272AFB1E4120B900E779CF /* PTVDetailViewController.swift */ = {isa = PBXFileReference; fileEncoding = 4; lastKnownFileType = sourcecode.swift; path = PTVDetailViewController.swift; sourceTree = "<group>"; };
		58272AFD1E412DFE00E779CF /* PatientInformationCell.swift */ = {isa = PBXFileReference; fileEncoding = 4; lastKnownFileType = sourcecode.swift; path = PatientInformationCell.swift; sourceTree = "<group>"; };
		58272B011E42495800E779CF /* calendarGreen.png */ = {isa = PBXFileReference; lastKnownFileType = image.png; name = calendarGreen.png; path = ../../imageFiles/calendarGreen.png; sourceTree = "<group>"; };
		58272B031E424FC400E779CF /* KeyboardLayoutConstraint.swift */ = {isa = PBXFileReference; fileEncoding = 4; lastKnownFileType = sourcecode.swift; path = KeyboardLayoutConstraint.swift; sourceTree = "<group>"; };
		5828065E1E098FBC00421815 /* DatePickerDialog.swift */ = {isa = PBXFileReference; fileEncoding = 4; lastKnownFileType = sourcecode.swift; path = DatePickerDialog.swift; sourceTree = "<group>"; };
		582806601E0991F400421815 /* calendar.png */ = {isa = PBXFileReference; lastKnownFileType = image.png; name = calendar.png; path = ../../imageFiles/calendar.png; sourceTree = "<group>"; };
		582806621E09AB0C00421815 /* side_menu_bg.jpg */ = {isa = PBXFileReference; lastKnownFileType = image.jpeg; name = side_menu_bg.jpg; path = ../../imageFiles/side_menu_bg.jpg; sourceTree = "<group>"; };
		582806641E09AC4100421815 /* care.white.png */ = {isa = PBXFileReference; lastKnownFileType = image.png; name = care.white.png; path = ../../imageFiles/care.white.png; sourceTree = "<group>"; };
		582806661E09B5AF00421815 /* jennifer.jpg */ = {isa = PBXFileReference; lastKnownFileType = image.jpeg; name = jennifer.jpg; path = ../../imageFiles/jennifer.jpg; sourceTree = "<group>"; };
		58327A6C1E64DE40006F4FB4 /* setUserImage.swift */ = {isa = PBXFileReference; fileEncoding = 4; lastKnownFileType = sourcecode.swift; path = setUserImage.swift; sourceTree = "<group>"; };
		58327A6E1E64F49F006F4FB4 /* AddUsersCell.swift */ = {isa = PBXFileReference; fileEncoding = 4; lastKnownFileType = sourcecode.swift; path = AddUsersCell.swift; sourceTree = "<group>"; };
		583646901E0890FC003C2E60 /* menu.png */ = {isa = PBXFileReference; lastKnownFileType = image.png; name = menu.png; path = ../../imageFiles/menu.png; sourceTree = "<group>"; };
		583646921E08A1CE003C2E60 /* menu_large.png */ = {isa = PBXFileReference; lastKnownFileType = image.png; name = menu_large.png; path = ../../../menu_large.png; sourceTree = "<group>"; };
		583646941E08A7BC003C2E60 /* bell.png */ = {isa = PBXFileReference; lastKnownFileType = image.png; name = bell.png; path = ../../imageFiles/bell.png; sourceTree = "<group>"; };
		583646961E08AE2F003C2E60 /* TasksViewController.swift */ = {isa = PBXFileReference; fileEncoding = 4; lastKnownFileType = sourcecode.swift; path = TasksViewController.swift; sourceTree = "<group>"; };
		58458AB91E43C49D005DFEDA /* PasswordChangeViewController.swift */ = {isa = PBXFileReference; fileEncoding = 4; lastKnownFileType = sourcecode.swift; path = PasswordChangeViewController.swift; sourceTree = "<group>"; };
		58458ABB1E43DD1C005DFEDA /* attention.png */ = {isa = PBXFileReference; lastKnownFileType = image.png; name = attention.png; path = ../../imageFiles/attention.png; sourceTree = "<group>"; };
		58458ABD1E43EB2E005DFEDA /* defualtsComments.swift */ = {isa = PBXFileReference; fileEncoding = 4; lastKnownFileType = sourcecode.swift; path = defualtsComments.swift; sourceTree = "<group>"; };
		58458ABF1E43F77F005DFEDA /* checked.png */ = {isa = PBXFileReference; lastKnownFileType = image.png; name = checked.png; path = ../../imageFiles/checked.png; sourceTree = "<group>"; };
		58458AC11E44EF41005DFEDA /* AvailabilityViewController.swift */ = {isa = PBXFileReference; fileEncoding = 4; lastKnownFileType = sourcecode.swift; path = AvailabilityViewController.swift; sourceTree = "<group>"; };
		58458AC31E450F4D005DFEDA /* AvailabilityCell.swift */ = {isa = PBXFileReference; fileEncoding = 4; lastKnownFileType = sourcecode.swift; path = AvailabilityCell.swift; sourceTree = "<group>"; };
		58458AC51E452474005DFEDA /* AddContainerViewController.swift */ = {isa = PBXFileReference; fileEncoding = 4; lastKnownFileType = sourcecode.swift; path = AddContainerViewController.swift; sourceTree = "<group>"; };
		58458AC71E45365B005DFEDA /* RangeSlider.swift */ = {isa = PBXFileReference; fileEncoding = 4; lastKnownFileType = sourcecode.swift; path = RangeSlider.swift; sourceTree = "<group>"; };
		58458AC91E45403F005DFEDA /* RangeSliderThumbLayer.swift */ = {isa = PBXFileReference; fileEncoding = 4; lastKnownFileType = sourcecode.swift; path = RangeSliderThumbLayer.swift; sourceTree = "<group>"; };
		58496C0D1E526D2D00DF103A /* x_sign340x40_360.png */ = {isa = PBXFileReference; lastKnownFileType = image.png; name = x_sign340x40_360.png; path = ../../imageFiles/x_sign340x40_360.png; sourceTree = "<group>"; };
		58496C0F1E526E1700DF103A /* SignatureViewController.swift */ = {isa = PBXFileReference; fileEncoding = 4; lastKnownFileType = sourcecode.swift; path = SignatureViewController.swift; sourceTree = "<group>"; };
		58496C131E52735000DF103A /* x_sign80x680.png */ = {isa = PBXFileReference; lastKnownFileType = image.png; name = x_sign80x680.png; path = ../../imageFiles/x_sign80x680.png; sourceTree = "<group>"; };
		58496C151E52756E00DF103A /* YPDrawSignatureView.swift */ = {isa = PBXFileReference; fileEncoding = 4; lastKnownFileType = sourcecode.swift; path = YPDrawSignatureView.swift; sourceTree = "<group>"; };
		58496C171E527FD900DF103A /* box.png */ = {isa = PBXFileReference; lastKnownFileType = image.png; name = box.png; path = ../../imageFiles/box.png; sourceTree = "<group>"; };
		58496C181E527FD900DF103A /* checkBox.png */ = {isa = PBXFileReference; lastKnownFileType = image.png; name = checkBox.png; path = ../../imageFiles/checkBox.png; sourceTree = "<group>"; };
		58496C1B1E52843D00DF103A /* TermsViewController.swift */ = {isa = PBXFileReference; fileEncoding = 4; lastKnownFileType = sourcecode.swift; path = TermsViewController.swift; sourceTree = "<group>"; };
		585A4D2C1E5CF9A300A16118 /* moveAppointmentFromAcceptedToCompleted.swift */ = {isa = PBXFileReference; fileEncoding = 4; lastKnownFileType = sourcecode.swift; path = moveAppointmentFromAcceptedToCompleted.swift; sourceTree = "<group>"; };
		585A4D2E1E5D175C00A16118 /* InboxViewController.swift */ = {isa = PBXFileReference; fileEncoding = 4; lastKnownFileType = sourcecode.swift; path = InboxViewController.swift; sourceTree = "<group>"; };
		585A4D301E5E008100A16118 /* InboxCell.swift */ = {isa = PBXFileReference; fileEncoding = 4; lastKnownFileType = sourcecode.swift; path = InboxCell.swift; sourceTree = "<group>"; };
		585A4D361E5E31EF00A16118 /* letter C.png */ = {isa = PBXFileReference; lastKnownFileType = image.png; name = "letter C.png"; path = "../../imageFiles/letter C.png"; sourceTree = "<group>"; };
		585A4D381E5E338000A16118 /* letterC.png */ = {isa = PBXFileReference; lastKnownFileType = image.png; name = letterC.png; path = ../../imageFiles/letterC.png; sourceTree = "<group>"; };
		585DA8B61E53AC6900006183 /* Appointments.swift */ = {isa = PBXFileReference; fileEncoding = 4; lastKnownFileType = sourcecode.swift; path = Appointments.swift; sourceTree = "<group>"; };
		586BFDD11E3BB27000DC6770 /* LaunchImage.png */ = {isa = PBXFileReference; lastKnownFileType = image.png; name = LaunchImage.png; path = ../../imageFiles/LaunchImage.png; sourceTree = "<group>"; };
		586BFDD41E3BC57B00DC6770 /* addCustomBorder.swift */ = {isa = PBXFileReference; fileEncoding = 4; lastKnownFileType = sourcecode.swift; path = addCustomBorder.swift; sourceTree = "<group>"; };
		586BFDD71E3BCB2200DC6770 /* HamburgerViewController.swift */ = {isa = PBXFileReference; fileEncoding = 4; lastKnownFileType = sourcecode.swift; path = HamburgerViewController.swift; sourceTree = "<group>"; };
		586BFDD91E3BE28C00DC6770 /* gears.png */ = {isa = PBXFileReference; lastKnownFileType = image.png; name = gears.png; path = ../../imageFiles/gears.png; sourceTree = "<group>"; };
		586BFDDC1E3BE40C00DC6770 /* calendar2.png */ = {isa = PBXFileReference; lastKnownFileType = image.png; name = calendar2.png; path = ../../imageFiles/calendar2.png; sourceTree = "<group>"; };
		586BFDDF1E3BFBCD00DC6770 /* phoneCircle.png */ = {isa = PBXFileReference; lastKnownFileType = image.png; name = phoneCircle.png; path = ../../imageFiles/phoneCircle.png; sourceTree = "<group>"; };
		586BFDE21E3C09AB00DC6770 /* AlertViewController.swift */ = {isa = PBXFileReference; fileEncoding = 4; lastKnownFileType = sourcecode.swift; path = AlertViewController.swift; sourceTree = "<group>"; };
		586BFDE41E3C0C4800DC6770 /* AlertCell.swift */ = {isa = PBXFileReference; fileEncoding = 4; lastKnownFileType = sourcecode.swift; path = AlertCell.swift; sourceTree = "<group>"; };
		586BFDE61E3C17D700DC6770 /* hexColor.swift */ = {isa = PBXFileReference; fileEncoding = 4; lastKnownFileType = sourcecode.swift; path = hexColor.swift; sourceTree = "<group>"; };
		587FFECE1E64A8C800078EFC /* UIImageFixOrientation.swift */ = {isa = PBXFileReference; fileEncoding = 4; lastKnownFileType = sourcecode.swift; path = UIImageFixOrientation.swift; sourceTree = "<group>"; };
		588BE2611E6F7D8B00BA78C3 /* RuthQuinones.jpg */ = {isa = PBXFileReference; lastKnownFileType = image.jpeg; name = RuthQuinones.jpg; path = ../../imageFiles/RuthQuinones.jpg; sourceTree = "<group>"; };
		588BE2631E706A3200BA78C3 /* InfoContainer1VC.swift */ = {isa = PBXFileReference; fileEncoding = 4; lastKnownFileType = sourcecode.swift; path = InfoContainer1VC.swift; sourceTree = "<group>"; };
		588BE2651E706D2900BA78C3 /* VitalsContainer2VC.swift */ = {isa = PBXFileReference; fileEncoding = 4; lastKnownFileType = sourcecode.swift; path = VitalsContainer2VC.swift; sourceTree = "<group>"; };
		588BE2671E706D4800BA78C3 /* ApptContainer3VC.swift */ = {isa = PBXFileReference; fileEncoding = 4; lastKnownFileType = sourcecode.swift; path = ApptContainer3VC.swift; sourceTree = "<group>"; };
		588BE2691E706D6A00BA78C3 /* FilesContainer3VC.swift */ = {isa = PBXFileReference; fileEncoding = 4; lastKnownFileType = sourcecode.swift; path = FilesContainer3VC.swift; sourceTree = "<group>"; };
		58A8DC841E562CBE008711D1 /* AddNoteCompletePatientViewController.swift */ = {isa = PBXFileReference; fileEncoding = 4; lastKnownFileType = sourcecode.swift; path = AddNoteCompletePatientViewController.swift; sourceTree = "<group>"; };
		58A8DC871E56671D008711D1 /* SheduleNewAppointmentViewController.swift */ = {isa = PBXFileReference; fileEncoding = 4; lastKnownFileType = sourcecode.swift; path = SheduleNewAppointmentViewController.swift; sourceTree = "<group>"; };
		58A8DC8A1E576BA4008711D1 /* Bordered.swift */ = {isa = PBXFileReference; fileEncoding = 4; lastKnownFileType = sourcecode.swift; path = Bordered.swift; sourceTree = "<group>"; };
		58A8DC8C1E576BC3008711D1 /* Rounded.swift */ = {isa = PBXFileReference; fileEncoding = 4; lastKnownFileType = sourcecode.swift; path = Rounded.swift; sourceTree = "<group>"; };
		58A8DCCA1E578E44008711D1 /* movePatientToSection.swift */ = {isa = PBXFileReference; fileEncoding = 4; lastKnownFileType = sourcecode.swift; path = movePatientToSection.swift; sourceTree = "<group>"; };
		58A8DCCD1E57A716008711D1 /* blueback.png */ = {isa = PBXFileReference; lastKnownFileType = image.png; name = blueback.png; path = ../../imageFiles/blueback.png; sourceTree = "<group>"; };
		58A8DCCE1E57A716008711D1 /* greenback.png */ = {isa = PBXFileReference; lastKnownFileType = image.png; name = greenback.png; path = ../../imageFiles/greenback.png; sourceTree = "<group>"; };
		58A8DCD11E57ABC6008711D1 /* setUpPatientData.swift */ = {isa = PBXFileReference; fileEncoding = 4; lastKnownFileType = sourcecode.swift; path = setUpPatientData.swift; sourceTree = "<group>"; };
		58A8DCD31E57B2BB008711D1 /* setCurrentDate.swift */ = {isa = PBXFileReference; fileEncoding = 4; lastKnownFileType = sourcecode.swift; path = setCurrentDate.swift; sourceTree = "<group>"; };
		58B18A511E69DF21009769A2 /* AMessageViewController.swift */ = {isa = PBXFileReference; fileEncoding = 4; lastKnownFileType = sourcecode.swift; path = AMessageViewController.swift; sourceTree = "<group>"; };
		58B18A531E69E4CF009769A2 /* backArrow.png */ = {isa = PBXFileReference; lastKnownFileType = image.png; name = backArrow.png; path = ../../imageFiles/backArrow.png; sourceTree = "<group>"; };
		58B18A551E69FEF0009769A2 /* delete.png */ = {isa = PBXFileReference; lastKnownFileType = image.png; name = delete.png; path = ../../imageFiles/delete.png; sourceTree = "<group>"; };
		58B18A561E69FEF0009769A2 /* reply.png */ = {isa = PBXFileReference; lastKnownFileType = image.png; name = reply.png; path = ../../imageFiles/reply.png; sourceTree = "<group>"; };
		58BEC4351E6112FD00363FAD /* newMessageViewController.swift */ = {isa = PBXFileReference; fileEncoding = 4; lastKnownFileType = sourcecode.swift; path = newMessageViewController.swift; sourceTree = "<group>"; };
		58CBC0061E4D4233001A9698 /* PatientUpdateViewController.swift */ = {isa = PBXFileReference; fileEncoding = 4; lastKnownFileType = sourcecode.swift; path = PatientUpdateViewController.swift; sourceTree = "<group>"; };
		58CBC0081E4D42D1001A9698 /* toast.swift */ = {isa = PBXFileReference; fileEncoding = 4; lastKnownFileType = sourcecode.swift; path = toast.swift; sourceTree = "<group>"; };
		58CBC00A1E4D4432001A9698 /* CaseViewController.swift */ = {isa = PBXFileReference; fileEncoding = 4; lastKnownFileType = sourcecode.swift; path = CaseViewController.swift; sourceTree = "<group>"; };
		58CBC00C1E4D463D001A9698 /* PatientRXViewController.swift */ = {isa = PBXFileReference; fileEncoding = 4; lastKnownFileType = sourcecode.swift; path = PatientRXViewController.swift; sourceTree = "<group>"; };
		58CBC00F1E4D4A39001A9698 /* Container1ViewController.swift */ = {isa = PBXFileReference; fileEncoding = 4; lastKnownFileType = sourcecode.swift; path = Container1ViewController.swift; sourceTree = "<group>"; };
		58CBC0111E4E2066001A9698 /* RxContainer1Cell.swift */ = {isa = PBXFileReference; fileEncoding = 4; lastKnownFileType = sourcecode.swift; path = RxContainer1Cell.swift; sourceTree = "<group>"; };
		58CBC0131E4E20B0001A9698 /* RxContainer2Cell.swift */ = {isa = PBXFileReference; fileEncoding = 4; lastKnownFileType = sourcecode.swift; path = RxContainer2Cell.swift; sourceTree = "<group>"; };
		58CBC0151E4E20CD001A9698 /* RxContainer3Cell.swift */ = {isa = PBXFileReference; fileEncoding = 4; lastKnownFileType = sourcecode.swift; path = RxContainer3Cell.swift; sourceTree = "<group>"; };
		58CBC0171E4E4007001A9698 /* Container3ViewController.swift */ = {isa = PBXFileReference; fileEncoding = 4; lastKnownFileType = sourcecode.swift; path = Container3ViewController.swift; sourceTree = "<group>"; };
		58CBC01A1E4E43DA001A9698 /* PatientScreeningsViewController.swift */ = {isa = PBXFileReference; fileEncoding = 4; lastKnownFileType = sourcecode.swift; path = PatientScreeningsViewController.swift; sourceTree = "<group>"; };
		58CBC01C1E4E49A9001A9698 /* ScreeningsCell.swift */ = {isa = PBXFileReference; fileEncoding = 4; lastKnownFileType = sourcecode.swift; path = ScreeningsCell.swift; sourceTree = "<group>"; };
		58CBC0201E4E75D8001A9698 /* AScreeningViewController.swift */ = {isa = PBXFileReference; fileEncoding = 4; lastKnownFileType = sourcecode.swift; path = AScreeningViewController.swift; sourceTree = "<group>"; };
		58CEEB481E65EF8200104057 /* tammie.png */ = {isa = PBXFileReference; lastKnownFileType = image.png; name = tammie.png; path = ../../imageFiles/tammie.png; sourceTree = "<group>"; };
		58CEEB4A1E65EFB400104057 /* brad.png */ = {isa = PBXFileReference; lastKnownFileType = image.png; name = brad.png; path = ../../imageFiles/brad.png; sourceTree = "<group>"; };
		58CEEB4C1E65F07200104057 /* Alice.png */ = {isa = PBXFileReference; lastKnownFileType = image.png; name = Alice.png; path = ../../imageFiles/Alice.png; sourceTree = "<group>"; };
		58CEEB4F1E65FC4600104057 /* CloseKeyboardButton.png */ = {isa = PBXFileReference; lastKnownFileType = image.png; name = CloseKeyboardButton.png; path = ../../imageFiles/CloseKeyboardButton.png; sourceTree = "<group>"; };
		58CEEB511E663D4200104057 /* paper-clip.png */ = {isa = PBXFileReference; lastKnownFileType = image.png; name = "paper-clip.png"; path = "../../imageFiles/paper-clip.png"; sourceTree = "<group>"; };
		58D633581E4A73F600DC3EB9 /* exitandgoback.png */ = {isa = PBXFileReference; lastKnownFileType = image.png; name = exitandgoback.png; path = ../../imageFiles/exitandgoback.png; sourceTree = "<group>"; };
		58D6335A1E4A78C400DC3EB9 /* RangeSliderTrackLayer.swift */ = {isa = PBXFileReference; fileEncoding = 4; lastKnownFileType = sourcecode.swift; path = RangeSliderTrackLayer.swift; sourceTree = "<group>"; };
		58D6335D1E4B858000DC3EB9 /* Availability.swift */ = {isa = PBXFileReference; fileEncoding = 4; lastKnownFileType = sourcecode.swift; path = Availability.swift; sourceTree = "<group>"; };
		58D6335F1E4D1FF900DC3EB9 /* PatientCareTeamViewController.swift */ = {isa = PBXFileReference; fileEncoding = 4; lastKnownFileType = sourcecode.swift; path = PatientCareTeamViewController.swift; sourceTree = "<group>"; };
		58D633611E4D25AE00DC3EB9 /* PatientCareTeamCell.swift */ = {isa = PBXFileReference; fileEncoding = 4; lastKnownFileType = sourcecode.swift; path = PatientCareTeamCell.swift; sourceTree = "<group>"; };
		58D633631E4D26AB00DC3EB9 /* closed-envelope-circle.png */ = {isa = PBXFileReference; lastKnownFileType = image.png; name = "closed-envelope-circle.png"; path = "../../imageFiles/careTeam/closed-envelope-circle.png"; sourceTree = "<group>"; };
		58D633641E4D26AB00DC3EB9 /* smartphone.png */ = {isa = PBXFileReference; lastKnownFileType = image.png; name = smartphone.png; path = ../../imageFiles/careTeam/smartphone.png; sourceTree = "<group>"; };
		58D633651E4D26AB00DC3EB9 /* Untitled.png */ = {isa = PBXFileReference; lastKnownFileType = image.png; name = Untitled.png; path = ../../imageFiles/careTeam/Untitled.png; sourceTree = "<group>"; };
		58D633691E4D310100DC3EB9 /* quillPen.png */ = {isa = PBXFileReference; lastKnownFileType = image.png; name = quillPen.png; path = ../../imageFiles/quillPen.png; sourceTree = "<group>"; };
		58D6336B1E4D316A00DC3EB9 /* PatientFeedViewController.swift */ = {isa = PBXFileReference; fileEncoding = 4; lastKnownFileType = sourcecode.swift; path = PatientFeedViewController.swift; sourceTree = "<group>"; };
		58D6336D1E4D347D00DC3EB9 /* attention.png */ = {isa = PBXFileReference; lastKnownFileType = image.png; name = attention.png; path = ../../imageFiles/attention.png; sourceTree = "<group>"; };
		58D6336F1E4D34CB00DC3EB9 /* bullets.png */ = {isa = PBXFileReference; lastKnownFileType = image.png; name = bullets.png; path = ../../imageFiles/bullets.png; sourceTree = "<group>"; };
		58D633701E4D34CB00DC3EB9 /* doctor.png */ = {isa = PBXFileReference; lastKnownFileType = image.png; name = doctor.png; path = ../../imageFiles/doctor.png; sourceTree = "<group>"; };
		58D633711E4D34CB00DC3EB9 /* pills.png */ = {isa = PBXFileReference; lastKnownFileType = image.png; name = pills.png; path = ../../imageFiles/pills.png; sourceTree = "<group>"; };
		58D633721E4D34CB00DC3EB9 /* telephone.png */ = {isa = PBXFileReference; lastKnownFileType = image.png; name = telephone.png; path = ../../imageFiles/telephone.png; sourceTree = "<group>"; };
		58D633771E4D360400DC3EB9 /* PatientFeedViewCell.swift */ = {isa = PBXFileReference; fileEncoding = 4; lastKnownFileType = sourcecode.swift; path = PatientFeedViewCell.swift; sourceTree = "<group>"; };
		58EB0DC71E732DC40009FD57 /* caseCell.swift */ = {isa = PBXFileReference; fileEncoding = 4; lastKnownFileType = sourcecode.swift; path = caseCell.swift; sourceTree = "<group>"; };
		58EB0DCB1E734D200009FD57 /* ServicesC1ViewC.swift */ = {isa = PBXFileReference; fileEncoding = 4; lastKnownFileType = sourcecode.swift; path = ServicesC1ViewC.swift; sourceTree = "<group>"; };
		58EB0DCD1E73614A0009FD57 /* locationsViewC.swift */ = {isa = PBXFileReference; fileEncoding = 4; lastKnownFileType = sourcecode.swift; path = locationsViewC.swift; sourceTree = "<group>"; };
		58FDD46F1E5F4CFC00F97D86 /* setupAlertData.swift */ = {isa = PBXFileReference; fileEncoding = 4; lastKnownFileType = sourcecode.swift; path = setupAlertData.swift; sourceTree = "<group>"; };
		58FDD4711E5F6B7600F97D86 /* getColumnInArray.swift */ = {isa = PBXFileReference; fileEncoding = 4; lastKnownFileType = sourcecode.swift; path = getColumnInArray.swift; sourceTree = "<group>"; };
		58FDD4731E5F971600F97D86 /* setUpFeedData.swift */ = {isa = PBXFileReference; fileEncoding = 4; lastKnownFileType = sourcecode.swift; path = setUpFeedData.swift; sourceTree = "<group>"; };
		58FDD4751E5FB24E00F97D86 /* SingleEMRViewController.swift */ = {isa = PBXFileReference; fileEncoding = 4; lastKnownFileType = sourcecode.swift; path = SingleEMRViewController.swift; sourceTree = "<group>"; };
		58FDD4771E5FB40400F97D86 /* EMRCell.swift */ = {isa = PBXFileReference; fileEncoding = 4; lastKnownFileType = sourcecode.swift; path = EMRCell.swift; sourceTree = "<group>"; };
		58FDD4791E60A6CD00F97D86 /* dangerOrange.png */ = {isa = PBXFileReference; lastKnownFileType = image.png; name = dangerOrange.png; path = ../../imageFiles/dangerOrange.png; sourceTree = "<group>"; };
		58FDD47B1E60B42300F97D86 /* dragableImageView.swift */ = {isa = PBXFileReference; fileEncoding = 4; lastKnownFileType = sourcecode.swift; path = dragableImageView.swift; sourceTree = "<group>"; };
		BB32754A1E048AD100699280 /* AppointmentCell.swift */ = {isa = PBXFileReference; fileEncoding = 4; lastKnownFileType = sourcecode.swift; path = AppointmentCell.swift; sourceTree = "<group>"; };
		BB51F7C41E009E53008A5EA8 /* gradient.swift */ = {isa = PBXFileReference; fileEncoding = 4; lastKnownFileType = sourcecode.swift; path = gradient.swift; sourceTree = "<group>"; };
		BB57C2CE1DFF41DE00731AC4 /* CarePointe.app */ = {isa = PBXFileReference; explicitFileType = wrapper.application; includeInIndex = 0; path = CarePointe.app; sourceTree = BUILT_PRODUCTS_DIR; };
		BB57C2D11DFF41DE00731AC4 /* AppDelegate.swift */ = {isa = PBXFileReference; lastKnownFileType = sourcecode.swift; path = AppDelegate.swift; sourceTree = "<group>"; };
		BB57C2D31DFF41DE00731AC4 /* ViewController.swift */ = {isa = PBXFileReference; lastKnownFileType = sourcecode.swift; path = ViewController.swift; sourceTree = "<group>"; };
		BB57C2D61DFF41DE00731AC4 /* Base */ = {isa = PBXFileReference; lastKnownFileType = file.storyboard; name = Base; path = Base.lproj/Main.storyboard; sourceTree = "<group>"; };
		BB57C2D81DFF41DE00731AC4 /* Assets.xcassets */ = {isa = PBXFileReference; lastKnownFileType = folder.assetcatalog; path = Assets.xcassets; sourceTree = "<group>"; };
		BB57C2DB1DFF41DE00731AC4 /* Base */ = {isa = PBXFileReference; lastKnownFileType = file.storyboard; name = Base; path = Base.lproj/LaunchScreen.storyboard; sourceTree = "<group>"; };
		BB57C2DD1DFF41DE00731AC4 /* Info.plist */ = {isa = PBXFileReference; lastKnownFileType = text.plist.xml; path = Info.plist; sourceTree = "<group>"; };
		BB57C2E21DFF41DE00731AC4 /* CarePointeTests.xctest */ = {isa = PBXFileReference; explicitFileType = wrapper.cfbundle; includeInIndex = 0; path = CarePointeTests.xctest; sourceTree = BUILT_PRODUCTS_DIR; };
		BB57C2E61DFF41DE00731AC4 /* CarePointeTests.swift */ = {isa = PBXFileReference; lastKnownFileType = sourcecode.swift; path = CarePointeTests.swift; sourceTree = "<group>"; };
		BB57C2E81DFF41DE00731AC4 /* Info.plist */ = {isa = PBXFileReference; lastKnownFileType = text.plist.xml; path = Info.plist; sourceTree = "<group>"; };
		BB57C2ED1DFF41DE00731AC4 /* CarePointeUITests.xctest */ = {isa = PBXFileReference; explicitFileType = wrapper.cfbundle; includeInIndex = 0; path = CarePointeUITests.xctest; sourceTree = BUILT_PRODUCTS_DIR; };
		BB57C2F11DFF41DE00731AC4 /* CarePointeUITests.swift */ = {isa = PBXFileReference; lastKnownFileType = sourcecode.swift; path = CarePointeUITests.swift; sourceTree = "<group>"; };
		BB57C2F31DFF41DE00731AC4 /* Info.plist */ = {isa = PBXFileReference; lastKnownFileType = text.plist.xml; path = Info.plist; sourceTree = "<group>"; };
		BB93EA971E033314000C15D3 /* SignInViewController.swift */ = {isa = PBXFileReference; fileEncoding = 4; lastKnownFileType = sourcecode.swift; path = SignInViewController.swift; sourceTree = "<group>"; };
		BB93EA9D1E0349F8000C15D3 /* RegisterViewController.swift */ = {isa = PBXFileReference; fileEncoding = 4; lastKnownFileType = sourcecode.swift; path = RegisterViewController.swift; sourceTree = "<group>"; };
		BBA3D8F21DFF733000E39385 /* device.swift */ = {isa = PBXFileReference; fileEncoding = 4; lastKnownFileType = sourcecode.swift; path = device.swift; sourceTree = "<group>"; };
/* End PBXFileReference section */

/* Begin PBXFrameworksBuildPhase section */
		BB57C2CB1DFF41DC00731AC4 /* Frameworks */ = {
			isa = PBXFrameworksBuildPhase;
			buildActionMask = 2147483647;
			files = (
			);
			runOnlyForDeploymentPostprocessing = 0;
		};
		BB57C2DF1DFF41DE00731AC4 /* Frameworks */ = {
			isa = PBXFrameworksBuildPhase;
			buildActionMask = 2147483647;
			files = (
			);
			runOnlyForDeploymentPostprocessing = 0;
		};
		BB57C2EA1DFF41DE00731AC4 /* Frameworks */ = {
			isa = PBXFrameworksBuildPhase;
			buildActionMask = 2147483647;
			files = (
			);
			runOnlyForDeploymentPostprocessing = 0;
		};
/* End PBXFrameworksBuildPhase section */

/* Begin PBXGroup section */
		58174CF81E7219C500023003 /* Feeds Tab */ = {
			isa = PBXGroup;
			children = (
				58D633771E4D360400DC3EB9 /* PatientFeedViewCell.swift */,
				58D6336B1E4D316A00DC3EB9 /* PatientFeedViewController.swift */,
				58CBC0061E4D4233001A9698 /* PatientUpdateViewController.swift */,
				58174CF91E72209C00023003 /* EMRViewC.swift */,
				58FDD4751E5FB24E00F97D86 /* SingleEMRViewController.swift */,
				58FDD4771E5FB40400F97D86 /* EMRCell.swift */,
				58174CFB1E72253900023003 /* AlertsEventsViewController.swift */,
			);
			name = "Feeds Tab";
			sourceTree = "<group>";
		};
		58272AE91E3FE7EB00E779CF /* User Profile */ = {
			isa = PBXGroup;
			children = (
				58A8DCCD1E57A716008711D1 /* blueback.png */,
				58A8DCCE1E57A716008711D1 /* greenback.png */,
				58272AEC1E3FE93C00E779CF /* user.png */,
				58272B011E42495800E779CF /* calendarGreen.png */,
				58458ABF1E43F77F005DFEDA /* checked.png */,
				58458ABB1E43DD1C005DFEDA /* attention.png */,
				58D633581E4A73F600DC3EB9 /* exitandgoback.png */,
				58458AC11E44EF41005DFEDA /* AvailabilityViewController.swift */,
				58458AC31E450F4D005DFEDA /* AvailabilityCell.swift */,
				58272AEE1E3FEFD800E779CF /* UpdateProfileViewController.swift */,
				58458AC51E452474005DFEDA /* AddContainerViewController.swift */,
				58458AB91E43C49D005DFEDA /* PasswordChangeViewController.swift */,
			);
			name = "User Profile";
			sourceTree = "<group>";
		};
		58272AF01E3FFCEF00E779CF /* Patient */ = {
			isa = PBXGroup;
			children = (
				58CBC0191E4E42D5001A9698 /* patient images */,
				58A8DC861E5666D6008711D1 /* Patient Tab */,
				58EB0DCA1E734C040009FD57 /* Case Tab */,
				58174CF81E7219C500023003 /* Feeds Tab */,
				58CBC00E1E4D495F001A9698 /* Rx Tab */,
				58EB0DC91E734BAE0009FD57 /* Screening Tab */,
				58272AF11E3FFD1E00E779CF /* PTVTableViewController.swift */,
				58272AF31E40051900E779CF /* PatientCell.swift */,
				58272AF71E4105DE00E779CF /* PatientTabBarController.swift */,
				58272AFD1E412DFE00E779CF /* PatientInformationCell.swift */,
			);
			name = Patient;
			sourceTree = "<group>";
		};
		586BFDD31E3BB4B300DC6770 /* Customize Classes */ = {
			isa = PBXGroup;
			children = (
				58D6335C1E4B852700DC3EB9 /* Local Data Classes */,
				BB51F7C41E009E53008A5EA8 /* gradient.swift */,
				58458ABD1E43EB2E005DFEDA /* defualtsComments.swift */,
				587FFECE1E64A8C800078EFC /* UIImageFixOrientation.swift */,
				586BFDE61E3C17D700DC6770 /* hexColor.swift */,
				58CBC0081E4D42D1001A9698 /* toast.swift */,
				BBA3D8F21DFF733000E39385 /* device.swift */,
				5828065E1E098FBC00421815 /* DatePickerDialog.swift */,
				586BFDD41E3BC57B00DC6770 /* addCustomBorder.swift */,
				58272AF51E400C2F00E779CF /* addBadge.swift */,
				58272B031E424FC400E779CF /* KeyboardLayoutConstraint.swift */,
				58458AC71E45365B005DFEDA /* RangeSlider.swift */,
				58458AC91E45403F005DFEDA /* RangeSliderThumbLayer.swift */,
				58496C151E52756E00DF103A /* YPDrawSignatureView.swift */,
				58D6335A1E4A78C400DC3EB9 /* RangeSliderTrackLayer.swift */,
			);
			name = "Customize Classes";
			sourceTree = "<group>";
		};
		586BFDD61E3BCAD700DC6770 /* Hamburger View */ = {
			isa = PBXGroup;
			children = (
				582806641E09AC4100421815 /* care.white.png */,
				586BFDD91E3BE28C00DC6770 /* gears.png */,
				58CEEB4A1E65EFB400104057 /* brad.png */,
				58CEEB4C1E65F07200104057 /* Alice.png */,
				58CEEB481E65EF8200104057 /* tammie.png */,
				582806661E09B5AF00421815 /* jennifer.jpg */,
				588BE2611E6F7D8B00BA78C3 /* RuthQuinones.jpg */,
				586BFDD71E3BCB2200DC6770 /* HamburgerViewController.swift */,
			);
			name = "Hamburger View";
			sourceTree = "<group>";
		};
		586BFDDB1E3BE3B500DC6770 /* Main Dashboard */ = {
			isa = PBXGroup;
			children = (
				586BFDDC1E3BE40C00DC6770 /* calendar2.png */,
				585A4D381E5E338000A16118 /* letterC.png */,
				585A4D361E5E31EF00A16118 /* letter C.png */,
				586BFDDF1E3BFBCD00DC6770 /* phoneCircle.png */,
				58A8DC841E562CBE008711D1 /* AddNoteCompletePatientViewController.swift */,
				BB32754A1E048AD100699280 /* AppointmentCell.swift */,
				BB57C2D31DFF41DE00731AC4 /* ViewController.swift */,
				58CEEB4E1E65FBEC00104057 /* messages */,
			);
			name = "Main Dashboard";
			sourceTree = "<group>";
		};
		586BFDDE1E3BE48500DC6770 /* Sign IN */ = {
			isa = PBXGroup;
			children = (
				58496C0D1E526D2D00DF103A /* x_sign340x40_360.png */,
				58496C131E52735000DF103A /* x_sign80x680.png */,
				58254B4C1E084FEA00933B60 /* care.png */,
				58254B541E0855D000933B60 /* envelope.png */,
				58254B551E0855D000933B60 /* key.png */,
				58496C171E527FD900DF103A /* box.png */,
				58496C181E527FD900DF103A /* checkBox.png */,
				58496C1B1E52843D00DF103A /* TermsViewController.swift */,
				58496C0F1E526E1700DF103A /* SignatureViewController.swift */,
				BB93EA9D1E0349F8000C15D3 /* RegisterViewController.swift */,
				BB93EA971E033314000C15D3 /* SignInViewController.swift */,
			);
			name = "Sign IN";
			sourceTree = "<group>";
		};
		586BFDE11E3C098400DC6770 /* Alert View */ = {
			isa = PBXGroup;
			children = (
				586BFDE21E3C09AB00DC6770 /* AlertViewController.swift */,
				586BFDE41E3C0C4800DC6770 /* AlertCell.swift */,
			);
			name = "Alert View";
			sourceTree = "<group>";
		};
		58A8DC861E5666D6008711D1 /* Patient Tab */ = {
			isa = PBXGroup;
			children = (
				58272AFB1E4120B900E779CF /* PTVDetailViewController.swift */,
				58D6335F1E4D1FF900DC3EB9 /* PatientCareTeamViewController.swift */,
				58D633611E4D25AE00DC3EB9 /* PatientCareTeamCell.swift */,
				58A8DC871E56671D008711D1 /* SheduleNewAppointmentViewController.swift */,
				588BE2631E706A3200BA78C3 /* InfoContainer1VC.swift */,
				588BE2651E706D2900BA78C3 /* VitalsContainer2VC.swift */,
				58174CF01E7201A200023003 /* vitalsCell.swift */,
				58174CEE1E71F62800023003 /* InfoDemographicsCell.swift */,
				588BE2671E706D4800BA78C3 /* ApptContainer3VC.swift */,
				58174CF21E72072200023003 /* AppointmentDetailsCell.swift */,
				58174CF41E72084200023003 /* AppointmentHistoryCell.swift */,
				588BE2691E706D6A00BA78C3 /* FilesContainer3VC.swift */,
				58174CF61E72139200023003 /* filesCell.swift */,
			);
			name = "Patient Tab";
			sourceTree = "<group>";
		};
		58A8DC891E576B75008711D1 /* Commons */ = {
			isa = PBXGroup;
			children = (
				58A8DC8A1E576BA4008711D1 /* Bordered.swift */,
				58A8DC8C1E576BC3008711D1 /* Rounded.swift */,
			);
			name = Commons;
			sourceTree = "<group>";
		};
		58A8DCCC1E5793D4008711D1 /* helpers */ = {
			isa = PBXGroup;
			children = (
				58A8DCCA1E578E44008711D1 /* movePatientToSection.swift */,
				58FDD47B1E60B42300F97D86 /* dragableImageView.swift */,
				58FDD4711E5F6B7600F97D86 /* getColumnInArray.swift */,
				58327A6C1E64DE40006F4FB4 /* setUserImage.swift */,
				585A4D2C1E5CF9A300A16118 /* moveAppointmentFromAcceptedToCompleted.swift */,
				58A8DCD11E57ABC6008711D1 /* setUpPatientData.swift */,
				58FDD46F1E5F4CFC00F97D86 /* setupAlertData.swift */,
				58FDD4731E5F971600F97D86 /* setUpFeedData.swift */,
				580790401E6777CA0038FC61 /* setUpInBoxData.swift */,
				580790421E67803F0038FC61 /* setUpSentBoxData.swift */,
				58A8DCD31E57B2BB008711D1 /* setCurrentDate.swift */,
			);
			name = helpers;
			sourceTree = "<group>";
		};
		58CBC00E1E4D495F001A9698 /* Rx Tab */ = {
			isa = PBXGroup;
			children = (
				58CBC00C1E4D463D001A9698 /* PatientRXViewController.swift */,
				58FDD4791E60A6CD00F97D86 /* dangerOrange.png */,
				58CBC00F1E4D4A39001A9698 /* Container1ViewController.swift */,
				58CBC0171E4E4007001A9698 /* Container3ViewController.swift */,
				58CBC0111E4E2066001A9698 /* RxContainer1Cell.swift */,
				58CBC0131E4E20B0001A9698 /* RxContainer2Cell.swift */,
				58CBC0151E4E20CD001A9698 /* RxContainer3Cell.swift */,
			);
			name = "Rx Tab";
			sourceTree = "<group>";
		};
		58CBC0191E4E42D5001A9698 /* patient images */ = {
			isa = PBXGroup;
			children = (
				58D633641E4D26AB00DC3EB9 /* smartphone.png */,
				58174CEC1E71E75A00023003 /* handicap.png */,
				58D633651E4D26AB00DC3EB9 /* Untitled.png */,
				58D633691E4D310100DC3EB9 /* quillPen.png */,
				58D6336D1E4D347D00DC3EB9 /* attention.png */,
				58D6336F1E4D34CB00DC3EB9 /* bullets.png */,
				58D633701E4D34CB00DC3EB9 /* doctor.png */,
				58D633711E4D34CB00DC3EB9 /* pills.png */,
				58D633721E4D34CB00DC3EB9 /* telephone.png */,
				58D633631E4D26AB00DC3EB9 /* closed-envelope-circle.png */,
			);
			name = "patient images";
			sourceTree = "<group>";
		};
		58CEEB4E1E65FBEC00104057 /* messages */ = {
			isa = PBXGroup;
			children = (
				5807903E1E675FDE0038FC61 /* searchBackGround.jpg */,
				58CEEB511E663D4200104057 /* paper-clip.png */,
				585A4D2E1E5D175C00A16118 /* InboxViewController.swift */,
				585A4D301E5E008100A16118 /* InboxCell.swift */,
				58CEEB4F1E65FC4600104057 /* CloseKeyboardButton.png */,
				58B18A531E69E4CF009769A2 /* backArrow.png */,
				58B18A551E69FEF0009769A2 /* delete.png */,
				58B18A561E69FEF0009769A2 /* reply.png */,
				58B18A511E69DF21009769A2 /* AMessageViewController.swift */,
				58BEC4351E6112FD00363FAD /* newMessageViewController.swift */,
				58327A6E1E64F49F006F4FB4 /* AddUsersCell.swift */,
			);
			name = messages;
			sourceTree = "<group>";
		};
		58D6335C1E4B852700DC3EB9 /* Local Data Classes */ = {
			isa = PBXGroup;
			children = (
				58D6335D1E4B858000DC3EB9 /* Availability.swift */,
				585DA8B61E53AC6900006183 /* Appointments.swift */,
			);
			name = "Local Data Classes";
			sourceTree = "<group>";
		};
		58EB0DC91E734BAE0009FD57 /* Screening Tab */ = {
			isa = PBXGroup;
			children = (
				58CBC01A1E4E43DA001A9698 /* PatientScreeningsViewController.swift */,
				58CBC0201E4E75D8001A9698 /* AScreeningViewController.swift */,
				58CBC01C1E4E49A9001A9698 /* ScreeningsCell.swift */,
			);
			name = "Screening Tab";
			sourceTree = "<group>";
		};
		58EB0DCA1E734C040009FD57 /* Case Tab */ = {
			isa = PBXGroup;
			children = (
				58CBC00A1E4D4432001A9698 /* CaseViewController.swift */,
				58EB0DC71E732DC40009FD57 /* caseCell.swift */,
				58EB0DCB1E734D200009FD57 /* ServicesC1ViewC.swift */,
				58EB0DCD1E73614A0009FD57 /* locationsViewC.swift */,
			);
			name = "Case Tab";
			sourceTree = "<group>";
		};
		BB32753F1E046C7A00699280 /* TaskView */ = {
			isa = PBXGroup;
			children = (
				583646961E08AE2F003C2E60 /* TasksViewController.swift */,
				583646901E0890FC003C2E60 /* menu.png */,
				583646941E08A7BC003C2E60 /* bell.png */,
				582806601E0991F400421815 /* calendar.png */,
				583646921E08A1CE003C2E60 /* menu_large.png */,
				58254B4F1E0850EA00933B60 /* hamburger.png */,
				58254B581E0855FF00933B60 /* gray.circle.png */,
				582806621E09AB0C00421815 /* side_menu_bg.jpg */,
				58272AF91E411F8A00E779CF /* green.circle.png */,
				58254B591E0855FF00933B60 /* orange.circle.png */,
			);
			name = TaskView;
			sourceTree = "<group>";
		};
		BB57C2C51DFF41DB00731AC4 = {
			isa = PBXGroup;
			children = (
				BB57C2D01DFF41DE00731AC4 /* CarePointe */,
				BB57C2E51DFF41DE00731AC4 /* CarePointeTests */,
				BB57C2F01DFF41DE00731AC4 /* CarePointeUITests */,
				BB57C2CF1DFF41DE00731AC4 /* Products */,
			);
			sourceTree = "<group>";
		};
		BB57C2CF1DFF41DE00731AC4 /* Products */ = {
			isa = PBXGroup;
			children = (
				BB57C2CE1DFF41DE00731AC4 /* CarePointe.app */,
				BB57C2E21DFF41DE00731AC4 /* CarePointeTests.xctest */,
				BB57C2ED1DFF41DE00731AC4 /* CarePointeUITests.xctest */,
			);
			name = Products;
			sourceTree = "<group>";
		};
		BB57C2D01DFF41DE00731AC4 /* CarePointe */ = {
			isa = PBXGroup;
			children = (
				58A8DC891E576B75008711D1 /* Commons */,
				58A8DCCC1E5793D4008711D1 /* helpers */,
				586BFDD31E3BB4B300DC6770 /* Customize Classes */,
				BB32753F1E046C7A00699280 /* TaskView */,
				586BFDD61E3BCAD700DC6770 /* Hamburger View */,
				586BFDE11E3C098400DC6770 /* Alert View */,
				586BFDDB1E3BE3B500DC6770 /* Main Dashboard */,
				58272AE91E3FE7EB00E779CF /* User Profile */,
				586BFDDE1E3BE48500DC6770 /* Sign IN */,
				58272AF01E3FFCEF00E779CF /* Patient */,
				BB57C2D11DFF41DE00731AC4 /* AppDelegate.swift */,
				58174CE81E71D4CD00023003 /* Landing_screen.png */,
				586BFDD11E3BB27000DC6770 /* LaunchImage.png */,
				BB57C2D51DFF41DE00731AC4 /* Main.storyboard */,
				BB57C2D81DFF41DE00731AC4 /* Assets.xcassets */,
				BB57C2DA1DFF41DE00731AC4 /* LaunchScreen.storyboard */,
				BB57C2DD1DFF41DE00731AC4 /* Info.plist */,
			);
			path = CarePointe;
			sourceTree = "<group>";
		};
		BB57C2E51DFF41DE00731AC4 /* CarePointeTests */ = {
			isa = PBXGroup;
			children = (
				BB57C2E61DFF41DE00731AC4 /* CarePointeTests.swift */,
				BB57C2E81DFF41DE00731AC4 /* Info.plist */,
			);
			path = CarePointeTests;
			sourceTree = "<group>";
		};
		BB57C2F01DFF41DE00731AC4 /* CarePointeUITests */ = {
			isa = PBXGroup;
			children = (
				BB57C2F11DFF41DE00731AC4 /* CarePointeUITests.swift */,
				BB57C2F31DFF41DE00731AC4 /* Info.plist */,
			);
			path = CarePointeUITests;
			sourceTree = "<group>";
		};
/* End PBXGroup section */

/* Begin PBXNativeTarget section */
		BB57C2CD1DFF41DC00731AC4 /* CarePointe */ = {
			isa = PBXNativeTarget;
			buildConfigurationList = BB57C2F61DFF41DE00731AC4 /* Build configuration list for PBXNativeTarget "CarePointe" */;
			buildPhases = (
				BB57C2CA1DFF41DC00731AC4 /* Sources */,
				BB57C2CB1DFF41DC00731AC4 /* Frameworks */,
				BB57C2CC1DFF41DC00731AC4 /* Resources */,
			);
			buildRules = (
			);
			dependencies = (
			);
			name = CarePointe;
			productName = CarePointe;
			productReference = BB57C2CE1DFF41DE00731AC4 /* CarePointe.app */;
			productType = "com.apple.product-type.application";
		};
		BB57C2E11DFF41DE00731AC4 /* CarePointeTests */ = {
			isa = PBXNativeTarget;
			buildConfigurationList = BB57C2F91DFF41DE00731AC4 /* Build configuration list for PBXNativeTarget "CarePointeTests" */;
			buildPhases = (
				BB57C2DE1DFF41DE00731AC4 /* Sources */,
				BB57C2DF1DFF41DE00731AC4 /* Frameworks */,
				BB57C2E01DFF41DE00731AC4 /* Resources */,
			);
			buildRules = (
			);
			dependencies = (
				BB57C2E41DFF41DE00731AC4 /* PBXTargetDependency */,
			);
			name = CarePointeTests;
			productName = CarePointeTests;
			productReference = BB57C2E21DFF41DE00731AC4 /* CarePointeTests.xctest */;
			productType = "com.apple.product-type.bundle.unit-test";
		};
		BB57C2EC1DFF41DE00731AC4 /* CarePointeUITests */ = {
			isa = PBXNativeTarget;
			buildConfigurationList = BB57C2FC1DFF41DE00731AC4 /* Build configuration list for PBXNativeTarget "CarePointeUITests" */;
			buildPhases = (
				BB57C2E91DFF41DE00731AC4 /* Sources */,
				BB57C2EA1DFF41DE00731AC4 /* Frameworks */,
				BB57C2EB1DFF41DE00731AC4 /* Resources */,
			);
			buildRules = (
			);
			dependencies = (
				BB57C2EF1DFF41DE00731AC4 /* PBXTargetDependency */,
			);
			name = CarePointeUITests;
			productName = CarePointeUITests;
			productReference = BB57C2ED1DFF41DE00731AC4 /* CarePointeUITests.xctest */;
			productType = "com.apple.product-type.bundle.ui-testing";
		};
/* End PBXNativeTarget section */

/* Begin PBXProject section */
		BB57C2C61DFF41DB00731AC4 /* Project object */ = {
			isa = PBXProject;
			attributes = {
				LastSwiftUpdateCheck = 0810;
				LastUpgradeCheck = 0820;
				ORGANIZATIONNAME = "Mogul Pro Media";
				TargetAttributes = {
					BB57C2CD1DFF41DC00731AC4 = {
						CreatedOnToolsVersion = 8.1;
						DevelopmentTeam = 2S3428H8W7;
						ProvisioningStyle = Automatic;
					};
					BB57C2E11DFF41DE00731AC4 = {
						CreatedOnToolsVersion = 8.1;
						DevelopmentTeam = ZCTW2DW524;
						ProvisioningStyle = Automatic;
						TestTargetID = BB57C2CD1DFF41DC00731AC4;
					};
					BB57C2EC1DFF41DE00731AC4 = {
						CreatedOnToolsVersion = 8.1;
						DevelopmentTeam = ZCTW2DW524;
						ProvisioningStyle = Automatic;
						TestTargetID = BB57C2CD1DFF41DC00731AC4;
					};
				};
			};
			buildConfigurationList = BB57C2C91DFF41DB00731AC4 /* Build configuration list for PBXProject "CarePointe" */;
			compatibilityVersion = "Xcode 3.2";
			developmentRegion = English;
			hasScannedForEncodings = 0;
			knownRegions = (
				en,
				Base,
			);
			mainGroup = BB57C2C51DFF41DB00731AC4;
			productRefGroup = BB57C2CF1DFF41DE00731AC4 /* Products */;
			projectDirPath = "";
			projectRoot = "";
			targets = (
				BB57C2CD1DFF41DC00731AC4 /* CarePointe */,
				BB57C2E11DFF41DE00731AC4 /* CarePointeTests */,
				BB57C2EC1DFF41DE00731AC4 /* CarePointeUITests */,
			);
		};
/* End PBXProject section */

/* Begin PBXResourcesBuildPhase section */
		BB57C2CC1DFF41DC00731AC4 /* Resources */ = {
			isa = PBXResourcesBuildPhase;
			buildActionMask = 2147483647;
			files = (
				58D633761E4D34CB00DC3EB9 /* telephone.png in Resources */,
				58458ABC1E43DD1C005DFEDA /* attention.png in Resources */,
				BB57C2DC1DFF41DE00731AC4 /* LaunchScreen.storyboard in Resources */,
				58254B561E0855D000933B60 /* envelope.png in Resources */,
				58458AC01E43F77F005DFEDA /* checked.png in Resources */,
				58D633751E4D34CB00DC3EB9 /* pills.png in Resources */,
				58D6336A1E4D310100DC3EB9 /* quillPen.png in Resources */,
				58174CED1E71E75A00023003 /* handicap.png in Resources */,
				586BFDD21E3BB27000DC6770 /* LaunchImage.png in Resources */,
				585A4D371E5E31EF00A16118 /* letter C.png in Resources */,
				58D633671E4D26AB00DC3EB9 /* smartphone.png in Resources */,
				58D633731E4D34CB00DC3EB9 /* bullets.png in Resources */,
				582806631E09AB0C00421815 /* side_menu_bg.jpg in Resources */,
				58CEEB491E65EF8200104057 /* tammie.png in Resources */,
				586BFDDD1E3BE40C00DC6770 /* calendar2.png in Resources */,
				588BE2621E6F7D8B00BA78C3 /* RuthQuinones.jpg in Resources */,
				58D633681E4D26AB00DC3EB9 /* Untitled.png in Resources */,
				583646951E08A7BC003C2E60 /* bell.png in Resources */,
				586BFDE01E3BFBCD00DC6770 /* phoneCircle.png in Resources */,
				58CEEB4B1E65EFB400104057 /* brad.png in Resources */,
				5807903F1E675FDE0038FC61 /* searchBackGround.jpg in Resources */,
				58254B571E0855D000933B60 /* key.png in Resources */,
				58A8DCD01E57A717008711D1 /* greenback.png in Resources */,
				58254B521E0850EA00933B60 /* hamburger.png in Resources */,
				582806611E0991F400421815 /* calendar.png in Resources */,
				58A8DCCF1E57A717008711D1 /* blueback.png in Resources */,
				585A4D391E5E338000A16118 /* letterC.png in Resources */,
				58254B4D1E084FEA00933B60 /* care.png in Resources */,
				58D633661E4D26AB00DC3EB9 /* closed-envelope-circle.png in Resources */,
				58496C0E1E526D2D00DF103A /* x_sign340x40_360.png in Resources */,
				58B18A581E69FEF0009769A2 /* reply.png in Resources */,
				58B18A541E69E4CF009769A2 /* backArrow.png in Resources */,
				58254B5A1E0855FF00933B60 /* gray.circle.png in Resources */,
				58D633741E4D34CB00DC3EB9 /* doctor.png in Resources */,
				58496C191E527FD900DF103A /* box.png in Resources */,
				58D633591E4A73F600DC3EB9 /* exitandgoback.png in Resources */,
				58B18A571E69FEF0009769A2 /* delete.png in Resources */,
				586BFDDA1E3BE28C00DC6770 /* gears.png in Resources */,
				58CEEB521E663D4200104057 /* paper-clip.png in Resources */,
				58272AED1E3FE93C00E779CF /* user.png in Resources */,
				58CEEB501E65FC4600104057 /* CloseKeyboardButton.png in Resources */,
				58D6336E1E4D347D00DC3EB9 /* attention.png in Resources */,
				583646911E0890FC003C2E60 /* menu.png in Resources */,
				58496C1A1E527FD900DF103A /* checkBox.png in Resources */,
				58496C141E52735000DF103A /* x_sign80x680.png in Resources */,
				58254B5B1E0855FF00933B60 /* orange.circle.png in Resources */,
				583646931E08A1CE003C2E60 /* menu_large.png in Resources */,
				58174CE91E71D4CD00023003 /* Landing_screen.png in Resources */,
				582806671E09B5AF00421815 /* jennifer.jpg in Resources */,
				582806651E09AC4100421815 /* care.white.png in Resources */,
				58272AFA1E411F8A00E779CF /* green.circle.png in Resources */,
				58CEEB4D1E65F07200104057 /* Alice.png in Resources */,
				58FDD47A1E60A6CD00F97D86 /* dangerOrange.png in Resources */,
				BB57C2D91DFF41DE00731AC4 /* Assets.xcassets in Resources */,
				BB57C2D71DFF41DE00731AC4 /* Main.storyboard in Resources */,
				58272B021E42495800E779CF /* calendarGreen.png in Resources */,
			);
			runOnlyForDeploymentPostprocessing = 0;
		};
		BB57C2E01DFF41DE00731AC4 /* Resources */ = {
			isa = PBXResourcesBuildPhase;
			buildActionMask = 2147483647;
			files = (
			);
			runOnlyForDeploymentPostprocessing = 0;
		};
		BB57C2EB1DFF41DE00731AC4 /* Resources */ = {
			isa = PBXResourcesBuildPhase;
			buildActionMask = 2147483647;
			files = (
			);
			runOnlyForDeploymentPostprocessing = 0;
		};
/* End PBXResourcesBuildPhase section */

/* Begin PBXSourcesBuildPhase section */
		BB57C2CA1DFF41DC00731AC4 /* Sources */ = {
			isa = PBXSourcesBuildPhase;
			buildActionMask = 2147483647;
			files = (
				58174CFC1E72253900023003 /* AlertsEventsViewController.swift in Sources */,
				58D6336C1E4D316A00DC3EB9 /* PatientFeedViewController.swift in Sources */,
				58D6335E1E4B858000DC3EB9 /* Availability.swift in Sources */,
				586BFDD51E3BC57B00DC6770 /* addCustomBorder.swift in Sources */,
				585A4D2D1E5CF9A300A16118 /* moveAppointmentFromAcceptedToCompleted.swift in Sources */,
				586BFDE71E3C17D700DC6770 /* hexColor.swift in Sources */,
				58A8DC8D1E576BC3008711D1 /* Rounded.swift in Sources */,
				58458AC41E450F4D005DFEDA /* AvailabilityCell.swift in Sources */,
				58CBC0161E4E20CD001A9698 /* RxContainer3Cell.swift in Sources */,
				588BE2661E706D2900BA78C3 /* VitalsContainer2VC.swift in Sources */,
				BB57C2D41DFF41DE00731AC4 /* ViewController.swift in Sources */,
				58A8DCD41E57B2BB008711D1 /* setCurrentDate.swift in Sources */,
				588BE2681E706D4800BA78C3 /* ApptContainer3VC.swift in Sources */,
				58D633781E4D360400DC3EB9 /* PatientFeedViewCell.swift in Sources */,
				58A8DCCB1E578E44008711D1 /* movePatientToSection.swift in Sources */,
				58174CF71E72139200023003 /* filesCell.swift in Sources */,
				583646971E08AE2F003C2E60 /* TasksViewController.swift in Sources */,
				58A8DC881E56671D008711D1 /* SheduleNewAppointmentViewController.swift in Sources */,
				58496C101E526E1700DF103A /* SignatureViewController.swift in Sources */,
				586BFDE51E3C0C4800DC6770 /* AlertCell.swift in Sources */,
				58458AC61E452474005DFEDA /* AddContainerViewController.swift in Sources */,
				58327A6D1E64DE40006F4FB4 /* setUserImage.swift in Sources */,
				5828065F1E098FBC00421815 /* DatePickerDialog.swift in Sources */,
				58174CF31E72072200023003 /* AppointmentDetailsCell.swift in Sources */,
				58174CFA1E72209C00023003 /* EMRViewC.swift in Sources */,
				BBA3D8F31DFF733000E39385 /* device.swift in Sources */,
				58458ABA1E43C49D005DFEDA /* PasswordChangeViewController.swift in Sources */,
				588BE2641E706A3200BA78C3 /* InfoContainer1VC.swift in Sources */,
				58CBC0071E4D4233001A9698 /* PatientUpdateViewController.swift in Sources */,
				58458ACA1E45403F005DFEDA /* RangeSliderThumbLayer.swift in Sources */,
				58A8DC851E562CBE008711D1 /* AddNoteCompletePatientViewController.swift in Sources */,
				58CBC01D1E4E49A9001A9698 /* ScreeningsCell.swift in Sources */,
				585A4D311E5E008100A16118 /* InboxCell.swift in Sources */,
				58A8DCD21E57ABC6008711D1 /* setUpPatientData.swift in Sources */,
				BB57C2D21DFF41DE00731AC4 /* AppDelegate.swift in Sources */,
				58CBC0091E4D42D1001A9698 /* toast.swift in Sources */,
				58EB0DCC1E734D200009FD57 /* ServicesC1ViewC.swift in Sources */,
				58272AFE1E412DFE00E779CF /* PatientInformationCell.swift in Sources */,
				58458AC81E45365B005DFEDA /* RangeSlider.swift in Sources */,
				58272AF21E3FFD1E00E779CF /* PTVTableViewController.swift in Sources */,
				BB93EA9E1E0349F8000C15D3 /* RegisterViewController.swift in Sources */,
				58EB0DCE1E73614A0009FD57 /* locationsViewC.swift in Sources */,
				58D6335B1E4A78C400DC3EB9 /* RangeSliderTrackLayer.swift in Sources */,
				580790411E6777CA0038FC61 /* setUpInBoxData.swift in Sources */,
				586BFDE31E3C09AB00DC6770 /* AlertViewController.swift in Sources */,
				58272AF81E4105DE00E779CF /* PatientTabBarController.swift in Sources */,
				58D633601E4D1FF900DC3EB9 /* PatientCareTeamViewController.swift in Sources */,
				58272B041E424FC400E779CF /* KeyboardLayoutConstraint.swift in Sources */,
				58CBC0121E4E2066001A9698 /* RxContainer1Cell.swift in Sources */,
				58458ABE1E43EB2E005DFEDA /* defualtsComments.swift in Sources */,
				58CBC00B1E4D4432001A9698 /* CaseViewController.swift in Sources */,
				58272AFC1E4120B900E779CF /* PTVDetailViewController.swift in Sources */,
				58CBC01B1E4E43DA001A9698 /* PatientScreeningsViewController.swift in Sources */,
				58496C1C1E52843D00DF103A /* TermsViewController.swift in Sources */,
				58D633621E4D25AE00DC3EB9 /* PatientCareTeamCell.swift in Sources */,
				BB93EA981E033314000C15D3 /* SignInViewController.swift in Sources */,
				58FDD4741E5F971600F97D86 /* setUpFeedData.swift in Sources */,
				58FDD47C1E60B42300F97D86 /* dragableImageView.swift in Sources */,
				58458AC21E44EF41005DFEDA /* AvailabilityViewController.swift in Sources */,
				BB32754B1E048AD100699280 /* AppointmentCell.swift in Sources */,
				58496C161E52756E00DF103A /* YPDrawSignatureView.swift in Sources */,
				58CBC0141E4E20B0001A9698 /* RxContainer2Cell.swift in Sources */,
				580790431E67803F0038FC61 /* setUpSentBoxData.swift in Sources */,
				58B18A521E69DF21009769A2 /* AMessageViewController.swift in Sources */,
				587FFECF1E64A8C800078EFC /* UIImageFixOrientation.swift in Sources */,
				58174CEF1E71F62800023003 /* InfoDemographicsCell.swift in Sources */,
				58BEC4361E6112FD00363FAD /* newMessageViewController.swift in Sources */,
				58272AF41E40051900E779CF /* PatientCell.swift in Sources */,
				58A8DC8B1E576BA4008711D1 /* Bordered.swift in Sources */,
				588BE26A1E706D6A00BA78C3 /* FilesContainer3VC.swift in Sources */,
				58CBC00D1E4D463D001A9698 /* PatientRXViewController.swift in Sources */,
				58327A6F1E64F49F006F4FB4 /* AddUsersCell.swift in Sources */,
				58FDD4761E5FB24E00F97D86 /* SingleEMRViewController.swift in Sources */,
				58FDD4781E5FB40400F97D86 /* EMRCell.swift in Sources */,
				58272AEF1E3FEFD800E779CF /* UpdateProfileViewController.swift in Sources */,
				58174CF51E72084200023003 /* AppointmentHistoryCell.swift in Sources */,
				58CBC0101E4D4A39001A9698 /* Container1ViewController.swift in Sources */,
				586BFDD81E3BCB2200DC6770 /* HamburgerViewController.swift in Sources */,
				BB51F7C51E009E53008A5EA8 /* gradient.swift in Sources */,
				585A4D2F1E5D175C00A16118 /* InboxViewController.swift in Sources */,
				58CBC0181E4E4007001A9698 /* Container3ViewController.swift in Sources */,
				58EB0DC81E732DC40009FD57 /* caseCell.swift in Sources */,
				58272AF61E400C2F00E779CF /* addBadge.swift in Sources */,
				58CBC0211E4E75D8001A9698 /* AScreeningViewController.swift in Sources */,
				58FDD4701E5F4CFC00F97D86 /* setupAlertData.swift in Sources */,
				585DA8B71E53AC6900006183 /* Appointments.swift in Sources */,
				58174CF11E7201A200023003 /* vitalsCell.swift in Sources */,
				58FDD4721E5F6B7600F97D86 /* getColumnInArray.swift in Sources */,
			);
			runOnlyForDeploymentPostprocessing = 0;
		};
		BB57C2DE1DFF41DE00731AC4 /* Sources */ = {
			isa = PBXSourcesBuildPhase;
			buildActionMask = 2147483647;
			files = (
				BB57C2E71DFF41DE00731AC4 /* CarePointeTests.swift in Sources */,
			);
			runOnlyForDeploymentPostprocessing = 0;
		};
		BB57C2E91DFF41DE00731AC4 /* Sources */ = {
			isa = PBXSourcesBuildPhase;
			buildActionMask = 2147483647;
			files = (
				BB57C2F21DFF41DE00731AC4 /* CarePointeUITests.swift in Sources */,
			);
			runOnlyForDeploymentPostprocessing = 0;
		};
/* End PBXSourcesBuildPhase section */

/* Begin PBXTargetDependency section */
		BB57C2E41DFF41DE00731AC4 /* PBXTargetDependency */ = {
			isa = PBXTargetDependency;
			target = BB57C2CD1DFF41DC00731AC4 /* CarePointe */;
			targetProxy = BB57C2E31DFF41DE00731AC4 /* PBXContainerItemProxy */;
		};
		BB57C2EF1DFF41DE00731AC4 /* PBXTargetDependency */ = {
			isa = PBXTargetDependency;
			target = BB57C2CD1DFF41DC00731AC4 /* CarePointe */;
			targetProxy = BB57C2EE1DFF41DE00731AC4 /* PBXContainerItemProxy */;
		};
/* End PBXTargetDependency section */

/* Begin PBXVariantGroup section */
		BB57C2D51DFF41DE00731AC4 /* Main.storyboard */ = {
			isa = PBXVariantGroup;
			children = (
				BB57C2D61DFF41DE00731AC4 /* Base */,
			);
			name = Main.storyboard;
			sourceTree = "<group>";
		};
		BB57C2DA1DFF41DE00731AC4 /* LaunchScreen.storyboard */ = {
			isa = PBXVariantGroup;
			children = (
				BB57C2DB1DFF41DE00731AC4 /* Base */,
			);
			name = LaunchScreen.storyboard;
			sourceTree = "<group>";
		};
/* End PBXVariantGroup section */

/* Begin XCBuildConfiguration section */
		BB57C2F41DFF41DE00731AC4 /* Debug */ = {
			isa = XCBuildConfiguration;
			buildSettings = {
				ALWAYS_SEARCH_USER_PATHS = NO;
				CLANG_ANALYZER_NONNULL = YES;
				CLANG_CXX_LANGUAGE_STANDARD = "gnu++0x";
				CLANG_CXX_LIBRARY = "libc++";
				CLANG_ENABLE_MODULES = YES;
				CLANG_ENABLE_OBJC_ARC = YES;
				CLANG_WARN_BOOL_CONVERSION = YES;
				CLANG_WARN_CONSTANT_CONVERSION = YES;
				CLANG_WARN_DIRECT_OBJC_ISA_USAGE = YES_ERROR;
				CLANG_WARN_DOCUMENTATION_COMMENTS = YES;
				CLANG_WARN_EMPTY_BODY = YES;
				CLANG_WARN_ENUM_CONVERSION = YES;
				CLANG_WARN_INFINITE_RECURSION = YES;
				CLANG_WARN_INT_CONVERSION = YES;
				CLANG_WARN_OBJC_ROOT_CLASS = YES_ERROR;
				CLANG_WARN_SUSPICIOUS_MOVE = YES;
				CLANG_WARN_SUSPICIOUS_MOVES = YES;
				CLANG_WARN_UNREACHABLE_CODE = YES;
				CLANG_WARN__DUPLICATE_METHOD_MATCH = YES;
				"CODE_SIGN_IDENTITY[sdk=iphoneos*]" = "iPhone Developer";
				COPY_PHASE_STRIP = NO;
				DEBUG_INFORMATION_FORMAT = dwarf;
				ENABLE_STRICT_OBJC_MSGSEND = YES;
				ENABLE_TESTABILITY = YES;
				GCC_C_LANGUAGE_STANDARD = gnu99;
				GCC_DYNAMIC_NO_PIC = NO;
				GCC_NO_COMMON_BLOCKS = YES;
				GCC_OPTIMIZATION_LEVEL = 0;
				GCC_PREPROCESSOR_DEFINITIONS = (
					"DEBUG=1",
					"$(inherited)",
				);
				GCC_WARN_64_TO_32_BIT_CONVERSION = YES;
				GCC_WARN_ABOUT_RETURN_TYPE = YES_ERROR;
				GCC_WARN_UNDECLARED_SELECTOR = YES;
				GCC_WARN_UNINITIALIZED_AUTOS = YES_AGGRESSIVE;
				GCC_WARN_UNUSED_FUNCTION = YES;
				GCC_WARN_UNUSED_VARIABLE = YES;
				IPHONEOS_DEPLOYMENT_TARGET = 10.0;
				MTL_ENABLE_DEBUG_INFO = YES;
				ONLY_ACTIVE_ARCH = YES;
				SDKROOT = iphoneos;
				SWIFT_ACTIVE_COMPILATION_CONDITIONS = DEBUG;
				SWIFT_OPTIMIZATION_LEVEL = "-Onone";
				TARGETED_DEVICE_FAMILY = "1,2";
			};
			name = Debug;
		};
		BB57C2F51DFF41DE00731AC4 /* Release */ = {
			isa = XCBuildConfiguration;
			buildSettings = {
				ALWAYS_SEARCH_USER_PATHS = NO;
				CLANG_ANALYZER_NONNULL = YES;
				CLANG_CXX_LANGUAGE_STANDARD = "gnu++0x";
				CLANG_CXX_LIBRARY = "libc++";
				CLANG_ENABLE_MODULES = YES;
				CLANG_ENABLE_OBJC_ARC = YES;
				CLANG_WARN_BOOL_CONVERSION = YES;
				CLANG_WARN_CONSTANT_CONVERSION = YES;
				CLANG_WARN_DIRECT_OBJC_ISA_USAGE = YES_ERROR;
				CLANG_WARN_DOCUMENTATION_COMMENTS = YES;
				CLANG_WARN_EMPTY_BODY = YES;
				CLANG_WARN_ENUM_CONVERSION = YES;
				CLANG_WARN_INFINITE_RECURSION = YES;
				CLANG_WARN_INT_CONVERSION = YES;
				CLANG_WARN_OBJC_ROOT_CLASS = YES_ERROR;
				CLANG_WARN_SUSPICIOUS_MOVE = YES;
				CLANG_WARN_SUSPICIOUS_MOVES = YES;
				CLANG_WARN_UNREACHABLE_CODE = YES;
				CLANG_WARN__DUPLICATE_METHOD_MATCH = YES;
				"CODE_SIGN_IDENTITY[sdk=iphoneos*]" = "iPhone Developer";
				COPY_PHASE_STRIP = NO;
				DEBUG_INFORMATION_FORMAT = "dwarf-with-dsym";
				ENABLE_NS_ASSERTIONS = NO;
				ENABLE_STRICT_OBJC_MSGSEND = YES;
				GCC_C_LANGUAGE_STANDARD = gnu99;
				GCC_NO_COMMON_BLOCKS = YES;
				GCC_WARN_64_TO_32_BIT_CONVERSION = YES;
				GCC_WARN_ABOUT_RETURN_TYPE = YES_ERROR;
				GCC_WARN_UNDECLARED_SELECTOR = YES;
				GCC_WARN_UNINITIALIZED_AUTOS = YES_AGGRESSIVE;
				GCC_WARN_UNUSED_FUNCTION = YES;
				GCC_WARN_UNUSED_VARIABLE = YES;
				IPHONEOS_DEPLOYMENT_TARGET = 10.0;
				MTL_ENABLE_DEBUG_INFO = NO;
				SDKROOT = iphoneos;
				SWIFT_OPTIMIZATION_LEVEL = "-Owholemodule";
				TARGETED_DEVICE_FAMILY = "1,2";
				VALIDATE_PRODUCT = YES;
			};
			name = Release;
		};
		BB57C2F71DFF41DE00731AC4 /* Debug */ = {
			isa = XCBuildConfiguration;
			buildSettings = {
				ASSETCATALOG_COMPILER_APPICON_NAME = AppIcon;
				DEVELOPMENT_TEAM = 2S3428H8W7;
				INFOPLIST_FILE = CarePointe/Info.plist;
				LD_RUNPATH_SEARCH_PATHS = "$(inherited) @executable_path/Frameworks";
				PRODUCT_BUNDLE_IDENTIFIER = media.pro.mogul.CarePointeVendor;
				PRODUCT_NAME = "$(TARGET_NAME)";
				SWIFT_VERSION = 3.0;
			};
			name = Debug;
		};
		BB57C2F81DFF41DE00731AC4 /* Release */ = {
			isa = XCBuildConfiguration;
			buildSettings = {
				ASSETCATALOG_COMPILER_APPICON_NAME = AppIcon;
				DEVELOPMENT_TEAM = 2S3428H8W7;
				INFOPLIST_FILE = CarePointe/Info.plist;
				LD_RUNPATH_SEARCH_PATHS = "$(inherited) @executable_path/Frameworks";
				PRODUCT_BUNDLE_IDENTIFIER = media.pro.mogul.CarePointeVendor;
				PRODUCT_NAME = "$(TARGET_NAME)";
				SWIFT_VERSION = 3.0;
			};
			name = Release;
		};
		BB57C2FA1DFF41DE00731AC4 /* Debug */ = {
			isa = XCBuildConfiguration;
			buildSettings = {
				ALWAYS_EMBED_SWIFT_STANDARD_LIBRARIES = YES;
				BUNDLE_LOADER = "$(TEST_HOST)";
				DEVELOPMENT_TEAM = ZCTW2DW524;
				INFOPLIST_FILE = CarePointeTests/Info.plist;
				LD_RUNPATH_SEARCH_PATHS = "$(inherited) @executable_path/Frameworks @loader_path/Frameworks";
				PRODUCT_BUNDLE_IDENTIFIER = MogulProMedia.CarePointeTests;
				PRODUCT_NAME = "$(TARGET_NAME)";
				SWIFT_VERSION = 3.0;
				TEST_HOST = "$(BUILT_PRODUCTS_DIR)/CarePointe.app/CarePointe";
			};
			name = Debug;
		};
		BB57C2FB1DFF41DE00731AC4 /* Release */ = {
			isa = XCBuildConfiguration;
			buildSettings = {
				ALWAYS_EMBED_SWIFT_STANDARD_LIBRARIES = YES;
				BUNDLE_LOADER = "$(TEST_HOST)";
				DEVELOPMENT_TEAM = ZCTW2DW524;
				INFOPLIST_FILE = CarePointeTests/Info.plist;
				LD_RUNPATH_SEARCH_PATHS = "$(inherited) @executable_path/Frameworks @loader_path/Frameworks";
				PRODUCT_BUNDLE_IDENTIFIER = MogulProMedia.CarePointeTests;
				PRODUCT_NAME = "$(TARGET_NAME)";
				SWIFT_VERSION = 3.0;
				TEST_HOST = "$(BUILT_PRODUCTS_DIR)/CarePointe.app/CarePointe";
			};
			name = Release;
		};
		BB57C2FD1DFF41DE00731AC4 /* Debug */ = {
			isa = XCBuildConfiguration;
			buildSettings = {
				ALWAYS_EMBED_SWIFT_STANDARD_LIBRARIES = YES;
				DEVELOPMENT_TEAM = ZCTW2DW524;
				INFOPLIST_FILE = CarePointeUITests/Info.plist;
				LD_RUNPATH_SEARCH_PATHS = "$(inherited) @executable_path/Frameworks @loader_path/Frameworks";
				PRODUCT_BUNDLE_IDENTIFIER = MogulProMedia.CarePointeUITests;
				PRODUCT_NAME = "$(TARGET_NAME)";
				SWIFT_VERSION = 3.0;
				TEST_TARGET_NAME = CarePointe;
			};
			name = Debug;
		};
		BB57C2FE1DFF41DE00731AC4 /* Release */ = {
			isa = XCBuildConfiguration;
			buildSettings = {
				ALWAYS_EMBED_SWIFT_STANDARD_LIBRARIES = YES;
				DEVELOPMENT_TEAM = ZCTW2DW524;
				INFOPLIST_FILE = CarePointeUITests/Info.plist;
				LD_RUNPATH_SEARCH_PATHS = "$(inherited) @executable_path/Frameworks @loader_path/Frameworks";
				PRODUCT_BUNDLE_IDENTIFIER = MogulProMedia.CarePointeUITests;
				PRODUCT_NAME = "$(TARGET_NAME)";
				SWIFT_VERSION = 3.0;
				TEST_TARGET_NAME = CarePointe;
			};
			name = Release;
		};
/* End XCBuildConfiguration section */

/* Begin XCConfigurationList section */
		BB57C2C91DFF41DB00731AC4 /* Build configuration list for PBXProject "CarePointe" */ = {
			isa = XCConfigurationList;
			buildConfigurations = (
				BB57C2F41DFF41DE00731AC4 /* Debug */,
				BB57C2F51DFF41DE00731AC4 /* Release */,
			);
			defaultConfigurationIsVisible = 0;
			defaultConfigurationName = Release;
		};
		BB57C2F61DFF41DE00731AC4 /* Build configuration list for PBXNativeTarget "CarePointe" */ = {
			isa = XCConfigurationList;
			buildConfigurations = (
				BB57C2F71DFF41DE00731AC4 /* Debug */,
				BB57C2F81DFF41DE00731AC4 /* Release */,
			);
			defaultConfigurationIsVisible = 0;
			defaultConfigurationName = Release;
		};
		BB57C2F91DFF41DE00731AC4 /* Build configuration list for PBXNativeTarget "CarePointeTests" */ = {
			isa = XCConfigurationList;
			buildConfigurations = (
				BB57C2FA1DFF41DE00731AC4 /* Debug */,
				BB57C2FB1DFF41DE00731AC4 /* Release */,
			);
			defaultConfigurationIsVisible = 0;
			defaultConfigurationName = Release;
		};
		BB57C2FC1DFF41DE00731AC4 /* Build configuration list for PBXNativeTarget "CarePointeUITests" */ = {
			isa = XCConfigurationList;
			buildConfigurations = (
				BB57C2FD1DFF41DE00731AC4 /* Debug */,
				BB57C2FE1DFF41DE00731AC4 /* Release */,
			);
			defaultConfigurationIsVisible = 0;
			defaultConfigurationName = Release;
		};
/* End XCConfigurationList section */
	};
	rootObject = BB57C2C61DFF41DB00731AC4 /* Project object */;
}
